{
  "object": {
    "pins": [
      {
        "package": "Strix",
        "repositoryURL": "https://github.com/nearfri/Strix",
        "state": {
          "branch": null,
          "revision": "a6b063ddabd2178735aa1f590c5adb6868e3c5c4",
          "version": "2.3.4"
        }
      },
      {
        "package": "swift-argument-parser",
        "repositoryURL": "https://github.com/apple/swift-argument-parser",
        "state": {
          "branch": null,
          "revision": "6b2aa2748a7881eebb9f84fb10c01293e15b52ca",
          "version": "0.5.0"
        }
      },
      {
        "package": "SwiftSyntax",
        "repositoryURL": "https://github.com/apple/swift-syntax",
        "state": {
          "branch": null,
          "revision": "75e60475d9d8fd5bbc16a12e0eaa2cb01b0c322e",
          "version": "0.50500.0"
        }
      }
    ]
  },
  "version": 1
}
