// !$*UTF8*$!
{
	archiveVersion = 1;
	classes = {
	};
	objectVersion = 50;
	objects = {

/* Begin PBXAggregateTarget section */
		0826A06F252020D100F9A77D /* Generate-AssetKeys */ = {
			isa = PBXAggregateTarget;
			buildConfigurationList = 0826A072252020D100F9A77D /* Build configuration list for PBXAggregateTarget "Generate-AssetKeys" */;
			buildPhases = (
				0826A087252022C700F9A77D /* Generate AssetKeys */,
			);
			dependencies = (
			);
			name = "Generate-AssetKeys";
			productName = "Generate-AssetKeys";
		};
/* End PBXAggregateTarget section */

/* Begin PBXBuildFile section */
		0826A00D251ECF8600F9A77D /* ImageKeyTests.swift in Sources */ = {isa = PBXBuildFile; fileRef = 0826A00C251ECF8600F9A77D /* ImageKeyTests.swift */; };
		0826A013251ED0CC00F9A77D /* ColorKeyTests.swift in Sources */ = {isa = PBXBuildFile; fileRef = 0826A012251ED0CC00F9A77D /* ColorKeyTests.swift */; };
		0826A052251F9E4200F9A77D /* ImageKey+.swift in Sources */ = {isa = PBXBuildFile; fileRef = 0826A051251F9E4200F9A77D /* ImageKey+.swift */; };
		0826A05A251FA49C00F9A77D /* ComponentType.swift in Sources */ = {isa = PBXBuildFile; fileRef = 0826A059251FA49C00F9A77D /* ComponentType.swift */; };
		0826A0612520088C00F9A77D /* Localizable.strings in Resources */ = {isa = PBXBuildFile; fileRef = 0826A05F2520088C00F9A77D /* Localizable.strings */; };
		0826A066252008B800F9A77D /* InfoPlist.strings in Resources */ = {isa = PBXBuildFile; fileRef = 0826A064252008B800F9A77D /* InfoPlist.strings */; };
		08765F0F2511A5660024D427 /* AppDelegate.swift in Sources */ = {isa = PBXBuildFile; fileRef = 08765F0E2511A5660024D427 /* AppDelegate.swift */; };
		08765F112511A5660024D427 /* SceneDelegate.swift in Sources */ = {isa = PBXBuildFile; fileRef = 08765F102511A5660024D427 /* SceneDelegate.swift */; };
		08765F132511A5660024D427 /* ViewController.swift in Sources */ = {isa = PBXBuildFile; fileRef = 08765F122511A5660024D427 /* ViewController.swift */; };
		08765F162511A5660024D427 /* Main.storyboard in Resources */ = {isa = PBXBuildFile; fileRef = 08765F142511A5660024D427 /* Main.storyboard */; };
		08765F182511A5670024D427 /* Assets.xcassets in Resources */ = {isa = PBXBuildFile; fileRef = 08765F172511A5670024D427 /* Assets.xcassets */; };
		08765F1B2511A5670024D427 /* LaunchScreen.storyboard in Resources */ = {isa = PBXBuildFile; fileRef = 08765F192511A5670024D427 /* LaunchScreen.storyboard */; };
		08765F262511A74C0024D427 /* Image+XCAsset.swift in Sources */ = {isa = PBXBuildFile; fileRef = 08765F252511A74C0024D427 /* Image+XCAsset.swift */; };
		08765F282511ACED0024D427 /* Bundle+.swift in Sources */ = {isa = PBXBuildFile; fileRef = 08765F272511ACED0024D427 /* Bundle+.swift */; };
		08765F2A2511AF230024D427 /* Color+XCAsset.swift in Sources */ = {isa = PBXBuildFile; fileRef = 08765F292511AF230024D427 /* Color+XCAsset.swift */; };
		08765F2C2511B0B70024D427 /* ImageKey.swift in Sources */ = {isa = PBXBuildFile; fileRef = 08765F2B2511B0B70024D427 /* ImageKey.swift */; };
		08765F2E2511B0E30024D427 /* ColorKey.swift in Sources */ = {isa = PBXBuildFile; fileRef = 08765F2D2511B0E30024D427 /* ColorKey.swift */; };
		08765F302511B1110024D427 /* StringKey.swift in Sources */ = {isa = PBXBuildFile; fileRef = 08765F2F2511B1110024D427 /* StringKey.swift */; };
		08765F322511B2CD0024D427 /* String+Localization.swift in Sources */ = {isa = PBXBuildFile; fileRef = 08765F312511B2CD0024D427 /* String+Localization.swift */; };
		08765F422511D5200024D427 /* ResourceKeyAppTests.swift in Sources */ = {isa = PBXBuildFile; fileRef = 08765F412511D5200024D427 /* ResourceKeyAppTests.swift */; };
		08765F4C2511D7510024D427 /* AllImageKeys.swift in Sources */ = {isa = PBXBuildFile; fileRef = 08765F4B2511D7510024D427 /* AllImageKeys.swift */; };
		08765F4E2511D7920024D427 /* AllColorKeys.swift in Sources */ = {isa = PBXBuildFile; fileRef = 08765F4D2511D7920024D427 /* AllColorKeys.swift */; };
		08765F502511DC190024D427 /* AllStringKeys.swift in Sources */ = {isa = PBXBuildFile; fileRef = 08765F4F2511DC190024D427 /* AllStringKeys.swift */; };
/* End PBXBuildFile section */

/* Begin PBXContainerItemProxy section */
		08765F442511D5200024D427 /* PBXContainerItemProxy */ = {
			isa = PBXContainerItemProxy;
			containerPortal = 08765F032511A5660024D427 /* Project object */;
			proxyType = 1;
			remoteGlobalIDString = 08765F0A2511A5660024D427;
			remoteInfo = ResourceSample;
		};
		087D7D022522237B00AACA6B /* PBXContainerItemProxy */ = {
			isa = PBXContainerItemProxy;
			containerPortal = 08765F032511A5660024D427 /* Project object */;
			proxyType = 1;
			remoteGlobalIDString = 0826A06F252020D100F9A77D;
			remoteInfo = "Generate-AssetKeys";
		};
/* End PBXContainerItemProxy section */

/* Begin PBXFileReference section */
		0826A00C251ECF8600F9A77D /* ImageKeyTests.swift */ = {isa = PBXFileReference; lastKnownFileType = sourcecode.swift; path = ImageKeyTests.swift; sourceTree = "<group>"; };
		0826A012251ED0CC00F9A77D /* ColorKeyTests.swift */ = {isa = PBXFileReference; lastKnownFileType = sourcecode.swift; path = ColorKeyTests.swift; sourceTree = "<group>"; };
		0826A051251F9E4200F9A77D /* ImageKey+.swift */ = {isa = PBXFileReference; lastKnownFileType = sourcecode.swift; path = "ImageKey+.swift"; sourceTree = "<group>"; };
		0826A059251FA49C00F9A77D /* ComponentType.swift */ = {isa = PBXFileReference; lastKnownFileType = sourcecode.swift; path = ComponentType.swift; sourceTree = "<group>"; };
		0826A0602520088C00F9A77D /* ko */ = {isa = PBXFileReference; lastKnownFileType = text.plist.strings; name = ko; path = ko.lproj/Localizable.strings; sourceTree = "<group>"; };
		0826A065252008B800F9A77D /* ko */ = {isa = PBXFileReference; lastKnownFileType = text.plist.strings; name = ko; path = ko.lproj/InfoPlist.strings; sourceTree = "<group>"; };
		0826A069252008F200F9A77D /* en */ = {isa = PBXFileReference; lastKnownFileType = text.plist.strings; name = en; path = en.lproj/Localizable.strings; sourceTree = "<group>"; };
		0826A06A2520090300F9A77D /* en */ = {isa = PBXFileReference; lastKnownFileType = text.plist.strings; name = en; path = en.lproj/InfoPlist.strings; sourceTree = "<group>"; };
		08765F0B2511A5660024D427 /* ResourceKeyApp.app */ = {isa = PBXFileReference; explicitFileType = wrapper.application; includeInIndex = 0; path = ResourceKeyApp.app; sourceTree = BUILT_PRODUCTS_DIR; };
		08765F0E2511A5660024D427 /* AppDelegate.swift */ = {isa = PBXFileReference; lastKnownFileType = sourcecode.swift; path = AppDelegate.swift; sourceTree = "<group>"; };
		08765F102511A5660024D427 /* SceneDelegate.swift */ = {isa = PBXFileReference; lastKnownFileType = sourcecode.swift; path = SceneDelegate.swift; sourceTree = "<group>"; };
		08765F122511A5660024D427 /* ViewController.swift */ = {isa = PBXFileReference; lastKnownFileType = sourcecode.swift; path = ViewController.swift; sourceTree = "<group>"; };
		08765F152511A5660024D427 /* Base */ = {isa = PBXFileReference; lastKnownFileType = file.storyboard; name = Base; path = Base.lproj/Main.storyboard; sourceTree = "<group>"; };
		08765F172511A5670024D427 /* Assets.xcassets */ = {isa = PBXFileReference; lastKnownFileType = folder.assetcatalog; path = Assets.xcassets; sourceTree = "<group>"; };
		08765F1A2511A5670024D427 /* Base */ = {isa = PBXFileReference; lastKnownFileType = file.storyboard; name = Base; path = Base.lproj/LaunchScreen.storyboard; sourceTree = "<group>"; };
		08765F1C2511A5670024D427 /* Info.plist */ = {isa = PBXFileReference; lastKnownFileType = text.plist.xml; path = Info.plist; sourceTree = "<group>"; };
		08765F252511A74C0024D427 /* Image+XCAsset.swift */ = {isa = PBXFileReference; lastKnownFileType = sourcecode.swift; path = "Image+XCAsset.swift"; sourceTree = "<group>"; };
		08765F272511ACED0024D427 /* Bundle+.swift */ = {isa = PBXFileReference; lastKnownFileType = sourcecode.swift; path = "Bundle+.swift"; sourceTree = "<group>"; };
		08765F292511AF230024D427 /* Color+XCAsset.swift */ = {isa = PBXFileReference; lastKnownFileType = sourcecode.swift; path = "Color+XCAsset.swift"; sourceTree = "<group>"; };
		08765F2B2511B0B70024D427 /* ImageKey.swift */ = {isa = PBXFileReference; lastKnownFileType = sourcecode.swift; path = ImageKey.swift; sourceTree = "<group>"; };
		08765F2D2511B0E30024D427 /* ColorKey.swift */ = {isa = PBXFileReference; lastKnownFileType = sourcecode.swift; path = ColorKey.swift; sourceTree = "<group>"; };
		08765F2F2511B1110024D427 /* StringKey.swift */ = {isa = PBXFileReference; lastKnownFileType = sourcecode.swift; path = StringKey.swift; sourceTree = "<group>"; };
		08765F312511B2CD0024D427 /* String+Localization.swift */ = {isa = PBXFileReference; lastKnownFileType = sourcecode.swift; path = "String+Localization.swift"; sourceTree = "<group>"; };
		08765F392511B74F0024D427 /* ko */ = {isa = PBXFileReference; lastKnownFileType = text.plist.strings; name = ko; path = ko.lproj/Main.strings; sourceTree = "<group>"; };
		08765F3A2511B74F0024D427 /* ko */ = {isa = PBXFileReference; lastKnownFileType = text.plist.strings; name = ko; path = ko.lproj/LaunchScreen.strings; sourceTree = "<group>"; };
		08765F3F2511D5200024D427 /* ResourceKeyAppTests.xctest */ = {isa = PBXFileReference; explicitFileType = wrapper.cfbundle; includeInIndex = 0; path = ResourceKeyAppTests.xctest; sourceTree = BUILT_PRODUCTS_DIR; };
		08765F412511D5200024D427 /* ResourceKeyAppTests.swift */ = {isa = PBXFileReference; lastKnownFileType = sourcecode.swift; path = ResourceKeyAppTests.swift; sourceTree = "<group>"; };
		08765F432511D5200024D427 /* Info.plist */ = {isa = PBXFileReference; lastKnownFileType = text.plist.xml; path = Info.plist; sourceTree = "<group>"; };
		08765F4B2511D7510024D427 /* AllImageKeys.swift */ = {isa = PBXFileReference; fileEncoding = 4; lastKnownFileType = sourcecode.swift; path = AllImageKeys.swift; sourceTree = "<group>"; };
		08765F4D2511D7920024D427 /* AllColorKeys.swift */ = {isa = PBXFileReference; lastKnownFileType = sourcecode.swift; path = AllColorKeys.swift; sourceTree = "<group>"; };
		08765F4F2511DC190024D427 /* AllStringKeys.swift */ = {isa = PBXFileReference; lastKnownFileType = sourcecode.swift; path = AllStringKeys.swift; sourceTree = "<group>"; };
/* End PBXFileReference section */

/* Begin PBXFrameworksBuildPhase section */
		08765F082511A5660024D427 /* Frameworks */ = {
			isa = PBXFrameworksBuildPhase;
			buildActionMask = 2147483647;
			files = (
			);
			runOnlyForDeploymentPostprocessing = 0;
		};
		08765F3C2511D5200024D427 /* Frameworks */ = {
			isa = PBXFrameworksBuildPhase;
			buildActionMask = 2147483647;
			files = (
			);
			runOnlyForDeploymentPostprocessing = 0;
		};
/* End PBXFrameworksBuildPhase section */

/* Begin PBXGroup section */
		0826A007251E45FA00F9A77D /* ResourceKey */ = {
			isa = PBXGroup;
			children = (
				08765F4B2511D7510024D427 /* AllImageKeys.swift */,
				08765F4D2511D7920024D427 /* AllColorKeys.swift */,
				08765F4F2511DC190024D427 /* AllStringKeys.swift */,
				0826A00C251ECF8600F9A77D /* ImageKeyTests.swift */,
				0826A012251ED0CC00F9A77D /* ColorKeyTests.swift */,
			);
			path = ResourceKey;
			sourceTree = "<group>";
		};
		08765F022511A5660024D427 = {
			isa = PBXGroup;
			children = (
				08765F0D2511A5660024D427 /* ResourceKeyApp */,
				08765F402511D5200024D427 /* ResourceKeyAppTests */,
				08765F0C2511A5660024D427 /* Products */,
			);
			sourceTree = "<group>";
		};
		08765F0C2511A5660024D427 /* Products */ = {
			isa = PBXGroup;
			children = (
				08765F0B2511A5660024D427 /* ResourceKeyApp.app */,
				08765F3F2511D5200024D427 /* ResourceKeyAppTests.xctest */,
			);
			name = Products;
			sourceTree = "<group>";
		};
		08765F0D2511A5660024D427 /* ResourceKeyApp */ = {
			isa = PBXGroup;
			children = (
				08765F0E2511A5660024D427 /* AppDelegate.swift */,
				08765F102511A5660024D427 /* SceneDelegate.swift */,
				08765F122511A5660024D427 /* ViewController.swift */,
				0826A059251FA49C00F9A77D /* ComponentType.swift */,
				08765F272511ACED0024D427 /* Bundle+.swift */,
				08765F242511A7250024D427 /* ResourceKey */,
				08765F142511A5660024D427 /* Main.storyboard */,
				08765F172511A5670024D427 /* Assets.xcassets */,
				08765F192511A5670024D427 /* LaunchScreen.storyboard */,
				08765F1C2511A5670024D427 /* Info.plist */,
				0826A064252008B800F9A77D /* InfoPlist.strings */,
				0826A05F2520088C00F9A77D /* Localizable.strings */,
			);
			path = ResourceKeyApp;
			sourceTree = "<group>";
		};
		08765F242511A7250024D427 /* ResourceKey */ = {
			isa = PBXGroup;
			children = (
				08765F2B2511B0B70024D427 /* ImageKey.swift */,
				0826A051251F9E4200F9A77D /* ImageKey+.swift */,
				08765F252511A74C0024D427 /* Image+XCAsset.swift */,
				08765F2D2511B0E30024D427 /* ColorKey.swift */,
				08765F292511AF230024D427 /* Color+XCAsset.swift */,
				08765F2F2511B1110024D427 /* StringKey.swift */,
				08765F312511B2CD0024D427 /* String+Localization.swift */,
			);
			path = ResourceKey;
			sourceTree = "<group>";
		};
		08765F402511D5200024D427 /* ResourceKeyAppTests */ = {
			isa = PBXGroup;
			children = (
				08765F412511D5200024D427 /* ResourceKeyAppTests.swift */,
				0826A007251E45FA00F9A77D /* ResourceKey */,
				08765F432511D5200024D427 /* Info.plist */,
			);
			path = ResourceKeyAppTests;
			sourceTree = "<group>";
		};
/* End PBXGroup section */

/* Begin PBXNativeTarget section */
		08765F0A2511A5660024D427 /* ResourceKeyApp */ = {
			isa = PBXNativeTarget;
			buildConfigurationList = 08765F1F2511A5670024D427 /* Build configuration list for PBXNativeTarget "ResourceKeyApp" */;
			buildPhases = (
				08765F072511A5660024D427 /* Sources */,
				08765F082511A5660024D427 /* Frameworks */,
				08765F092511A5660024D427 /* Resources */,
			);
			buildRules = (
			);
			dependencies = (
				087D7D032522237B00AACA6B /* PBXTargetDependency */,
			);
			name = ResourceKeyApp;
			productName = ResourceSample;
			productReference = 08765F0B2511A5660024D427 /* ResourceKeyApp.app */;
			productType = "com.apple.product-type.application";
		};
		08765F3E2511D5200024D427 /* ResourceKeyAppTests */ = {
			isa = PBXNativeTarget;
			buildConfigurationList = 08765F462511D5200024D427 /* Build configuration list for PBXNativeTarget "ResourceKeyAppTests" */;
			buildPhases = (
				08765F3B2511D5200024D427 /* Sources */,
				08765F3C2511D5200024D427 /* Frameworks */,
				08765F3D2511D5200024D427 /* Resources */,
			);
			buildRules = (
			);
			dependencies = (
				08765F452511D5200024D427 /* PBXTargetDependency */,
			);
			name = ResourceKeyAppTests;
			productName = ResourceSampleTests;
			productReference = 08765F3F2511D5200024D427 /* ResourceKeyAppTests.xctest */;
			productType = "com.apple.product-type.bundle.unit-test";
		};
/* End PBXNativeTarget section */

/* Begin PBXProject section */
		08765F032511A5660024D427 /* Project object */ = {
			isa = PBXProject;
			attributes = {
				LastSwiftUpdateCheck = 1200;
				LastUpgradeCheck = 1200;
				TargetAttributes = {
					0826A06F252020D100F9A77D = {
						CreatedOnToolsVersion = 12.0.1;
					};
					08765F0A2511A5660024D427 = {
						CreatedOnToolsVersion = 12.0;
					};
					08765F3E2511D5200024D427 = {
						CreatedOnToolsVersion = 12.0;
						TestTargetID = 08765F0A2511A5660024D427;
					};
				};
			};
			buildConfigurationList = 08765F062511A5660024D427 /* Build configuration list for PBXProject "ResourceKeyApp" */;
			compatibilityVersion = "Xcode 9.3";
			developmentRegion = en;
			hasScannedForEncodings = 0;
			knownRegions = (
				en,
				Base,
				ko,
			);
			mainGroup = 08765F022511A5660024D427;
			productRefGroup = 08765F0C2511A5660024D427 /* Products */;
			projectDirPath = "";
			projectRoot = "";
			targets = (
				08765F0A2511A5660024D427 /* ResourceKeyApp */,
				08765F3E2511D5200024D427 /* ResourceKeyAppTests */,
				0826A06F252020D100F9A77D /* Generate-AssetKeys */,
			);
		};
/* End PBXProject section */

/* Begin PBXResourcesBuildPhase section */
		08765F092511A5660024D427 /* Resources */ = {
			isa = PBXResourcesBuildPhase;
			buildActionMask = 2147483647;
			files = (
				08765F1B2511A5670024D427 /* LaunchScreen.storyboard in Resources */,
				0826A0612520088C00F9A77D /* Localizable.strings in Resources */,
				08765F182511A5670024D427 /* Assets.xcassets in Resources */,
				08765F162511A5660024D427 /* Main.storyboard in Resources */,
				0826A066252008B800F9A77D /* InfoPlist.strings in Resources */,
			);
			runOnlyForDeploymentPostprocessing = 0;
		};
		08765F3D2511D5200024D427 /* Resources */ = {
			isa = PBXResourcesBuildPhase;
			buildActionMask = 2147483647;
			files = (
			);
			runOnlyForDeploymentPostprocessing = 0;
		};
/* End PBXResourcesBuildPhase section */

/* Begin PBXShellScriptBuildPhase section */
		0826A087252022C700F9A77D /* Generate AssetKeys */ = {
			isa = PBXShellScriptBuildPhase;
			buildActionMask = 2147483647;
			files = (
			);
			inputFileListPaths = (
			);
			inputPaths = (
			);
			name = "Generate AssetKeys";
			outputFileListPaths = (
			);
			outputPaths = (
			);
			runOnlyForDeploymentPostprocessing = 0;
			shellPath = /bin/sh;
			shellScript = "cd \"${SRCROOT}/Tools\"\n./run-generate-asset-keys.sh\n";
		};
/* End PBXShellScriptBuildPhase section */

/* Begin PBXSourcesBuildPhase section */
		08765F072511A5660024D427 /* Sources */ = {
			isa = PBXSourcesBuildPhase;
			buildActionMask = 2147483647;
			files = (
				08765F132511A5660024D427 /* ViewController.swift in Sources */,
				08765F0F2511A5660024D427 /* AppDelegate.swift in Sources */,
				08765F2A2511AF230024D427 /* Color+XCAsset.swift in Sources */,
				08765F262511A74C0024D427 /* Image+XCAsset.swift in Sources */,
				0826A05A251FA49C00F9A77D /* ComponentType.swift in Sources */,
				08765F282511ACED0024D427 /* Bundle+.swift in Sources */,
				08765F322511B2CD0024D427 /* String+Localization.swift in Sources */,
				08765F2E2511B0E30024D427 /* ColorKey.swift in Sources */,
				0826A052251F9E4200F9A77D /* ImageKey+.swift in Sources */,
				08765F2C2511B0B70024D427 /* ImageKey.swift in Sources */,
				08765F302511B1110024D427 /* StringKey.swift in Sources */,
				08765F112511A5660024D427 /* SceneDelegate.swift in Sources */,
			);
			runOnlyForDeploymentPostprocessing = 0;
		};
		08765F3B2511D5200024D427 /* Sources */ = {
			isa = PBXSourcesBuildPhase;
			buildActionMask = 2147483647;
			files = (
				08765F422511D5200024D427 /* ResourceKeyAppTests.swift in Sources */,
				0826A013251ED0CC00F9A77D /* ColorKeyTests.swift in Sources */,
				08765F4C2511D7510024D427 /* AllImageKeys.swift in Sources */,
				08765F502511DC190024D427 /* AllStringKeys.swift in Sources */,
				0826A00D251ECF8600F9A77D /* ImageKeyTests.swift in Sources */,
				08765F4E2511D7920024D427 /* AllColorKeys.swift in Sources */,
			);
			runOnlyForDeploymentPostprocessing = 0;
		};
/* End PBXSourcesBuildPhase section */

/* Begin PBXTargetDependency section */
		08765F452511D5200024D427 /* PBXTargetDependency */ = {
			isa = PBXTargetDependency;
			target = 08765F0A2511A5660024D427 /* ResourceKeyApp */;
			targetProxy = 08765F442511D5200024D427 /* PBXContainerItemProxy */;
		};
		087D7D032522237B00AACA6B /* PBXTargetDependency */ = {
			isa = PBXTargetDependency;
			target = 0826A06F252020D100F9A77D /* Generate-AssetKeys */;
			targetProxy = 087D7D022522237B00AACA6B /* PBXContainerItemProxy */;
		};
/* End PBXTargetDependency section */

/* Begin PBXVariantGroup section */
		0826A05F2520088C00F9A77D /* Localizable.strings */ = {
			isa = PBXVariantGroup;
			children = (
				0826A0602520088C00F9A77D /* ko */,
				0826A069252008F200F9A77D /* en */,
			);
			name = Localizable.strings;
			sourceTree = "<group>";
		};
		0826A064252008B800F9A77D /* InfoPlist.strings */ = {
			isa = PBXVariantGroup;
			children = (
				0826A065252008B800F9A77D /* ko */,
				0826A06A2520090300F9A77D /* en */,
			);
			name = InfoPlist.strings;
			sourceTree = "<group>";
		};
		08765F142511A5660024D427 /* Main.storyboard */ = {
			isa = PBXVariantGroup;
			children = (
				08765F152511A5660024D427 /* Base */,
				08765F392511B74F0024D427 /* ko */,
			);
			name = Main.storyboard;
			sourceTree = "<group>";
		};
		08765F192511A5670024D427 /* LaunchScreen.storyboard */ = {
			isa = PBXVariantGroup;
			children = (
				08765F1A2511A5670024D427 /* Base */,
				08765F3A2511B74F0024D427 /* ko */,
			);
			name = LaunchScreen.storyboard;
			sourceTree = "<group>";
		};
/* End PBXVariantGroup section */

/* Begin XCBuildConfiguration section */
		0826A070252020D100F9A77D /* Debug */ = {
			isa = XCBuildConfiguration;
			buildSettings = {
				CODE_SIGN_STYLE = Automatic;
				PRODUCT_NAME = "$(TARGET_NAME)";
				SDKROOT = macosx;
			};
			name = Debug;
		};
		0826A071252020D100F9A77D /* Release */ = {
			isa = XCBuildConfiguration;
			buildSettings = {
				CODE_SIGN_STYLE = Automatic;
				PRODUCT_NAME = "$(TARGET_NAME)";
				SDKROOT = macosx;
			};
			name = Release;
		};
		08765F1D2511A5670024D427 /* Debug */ = {
			isa = XCBuildConfiguration;
			buildSettings = {
				ALWAYS_SEARCH_USER_PATHS = NO;
				CLANG_ANALYZER_LOCALIZABILITY_NONLOCALIZED = YES;
				CLANG_ANALYZER_NONNULL = YES;
				CLANG_ANALYZER_NUMBER_OBJECT_CONVERSION = YES_AGGRESSIVE;
				CLANG_CXX_LANGUAGE_STANDARD = "gnu++14";
				CLANG_CXX_LIBRARY = "libc++";
				CLANG_ENABLE_MODULES = YES;
				CLANG_ENABLE_OBJC_ARC = YES;
				CLANG_ENABLE_OBJC_WEAK = YES;
				CLANG_WARN_BLOCK_CAPTURE_AUTORELEASING = YES;
				CLANG_WARN_BOOL_CONVERSION = YES;
				CLANG_WARN_COMMA = YES;
				CLANG_WARN_CONSTANT_CONVERSION = YES;
				CLANG_WARN_DEPRECATED_OBJC_IMPLEMENTATIONS = YES;
				CLANG_WARN_DIRECT_OBJC_ISA_USAGE = YES_ERROR;
				CLANG_WARN_DOCUMENTATION_COMMENTS = YES;
				CLANG_WARN_EMPTY_BODY = YES;
				CLANG_WARN_ENUM_CONVERSION = YES;
				CLANG_WARN_INFINITE_RECURSION = YES;
				CLANG_WARN_INT_CONVERSION = YES;
				CLANG_WARN_NON_LITERAL_NULL_CONVERSION = YES;
				CLANG_WARN_OBJC_IMPLICIT_RETAIN_SELF = YES;
				CLANG_WARN_OBJC_LITERAL_CONVERSION = YES;
				CLANG_WARN_OBJC_ROOT_CLASS = YES_ERROR;
				CLANG_WARN_QUOTED_INCLUDE_IN_FRAMEWORK_HEADER = YES;
				CLANG_WARN_RANGE_LOOP_ANALYSIS = YES;
				CLANG_WARN_STRICT_PROTOTYPES = YES;
				CLANG_WARN_SUSPICIOUS_MOVE = YES;
				CLANG_WARN_UNGUARDED_AVAILABILITY = YES_AGGRESSIVE;
				CLANG_WARN_UNREACHABLE_CODE = YES;
				CLANG_WARN__DUPLICATE_METHOD_MATCH = YES;
				COPY_PHASE_STRIP = NO;
				DEBUG_INFORMATION_FORMAT = dwarf;
				ENABLE_STRICT_OBJC_MSGSEND = YES;
				ENABLE_TESTABILITY = YES;
				GCC_C_LANGUAGE_STANDARD = gnu11;
				GCC_DYNAMIC_NO_PIC = NO;
				GCC_NO_COMMON_BLOCKS = YES;
				GCC_OPTIMIZATION_LEVEL = 0;
				GCC_PREPROCESSOR_DEFINITIONS = (
					"DEBUG=1",
					"$(inherited)",
				);
				GCC_WARN_64_TO_32_BIT_CONVERSION = YES;
				GCC_WARN_ABOUT_RETURN_TYPE = YES_ERROR;
				GCC_WARN_UNDECLARED_SELECTOR = YES;
				GCC_WARN_UNINITIALIZED_AUTOS = YES_AGGRESSIVE;
				GCC_WARN_UNUSED_FUNCTION = YES;
				GCC_WARN_UNUSED_VARIABLE = YES;
				IPHONEOS_DEPLOYMENT_TARGET = 14.0;
				LOCALIZED_STRING_MACRO_NAMES = (
					"$(inherited)",
					StringKey,
				);
				MTL_ENABLE_DEBUG_INFO = INCLUDE_SOURCE;
				MTL_FAST_MATH = YES;
				ONLY_ACTIVE_ARCH = YES;
				SDKROOT = iphoneos;
				SWIFT_ACTIVE_COMPILATION_CONDITIONS = DEBUG;
				SWIFT_OPTIMIZATION_LEVEL = "-Onone";
			};
			name = Debug;
		};
		08765F1E2511A5670024D427 /* Release */ = {
			isa = XCBuildConfiguration;
			buildSettings = {
				ALWAYS_SEARCH_USER_PATHS = NO;
				CLANG_ANALYZER_LOCALIZABILITY_NONLOCALIZED = YES;
				CLANG_ANALYZER_NONNULL = YES;
				CLANG_ANALYZER_NUMBER_OBJECT_CONVERSION = YES_AGGRESSIVE;
				CLANG_CXX_LANGUAGE_STANDARD = "gnu++14";
				CLANG_CXX_LIBRARY = "libc++";
				CLANG_ENABLE_MODULES = YES;
				CLANG_ENABLE_OBJC_ARC = YES;
				CLANG_ENABLE_OBJC_WEAK = YES;
				CLANG_WARN_BLOCK_CAPTURE_AUTORELEASING = YES;
				CLANG_WARN_BOOL_CONVERSION = YES;
				CLANG_WARN_COMMA = YES;
				CLANG_WARN_CONSTANT_CONVERSION = YES;
				CLANG_WARN_DEPRECATED_OBJC_IMPLEMENTATIONS = YES;
				CLANG_WARN_DIRECT_OBJC_ISA_USAGE = YES_ERROR;
				CLANG_WARN_DOCUMENTATION_COMMENTS = YES;
				CLANG_WARN_EMPTY_BODY = YES;
				CLANG_WARN_ENUM_CONVERSION = YES;
				CLANG_WARN_INFINITE_RECURSION = YES;
				CLANG_WARN_INT_CONVERSION = YES;
				CLANG_WARN_NON_LITERAL_NULL_CONVERSION = YES;
				CLANG_WARN_OBJC_IMPLICIT_RETAIN_SELF = YES;
				CLANG_WARN_OBJC_LITERAL_CONVERSION = YES;
				CLANG_WARN_OBJC_ROOT_CLASS = YES_ERROR;
				CLANG_WARN_QUOTED_INCLUDE_IN_FRAMEWORK_HEADER = YES;
				CLANG_WARN_RANGE_LOOP_ANALYSIS = YES;
				CLANG_WARN_STRICT_PROTOTYPES = YES;
				CLANG_WARN_SUSPICIOUS_MOVE = YES;
				CLANG_WARN_UNGUARDED_AVAILABILITY = YES_AGGRESSIVE;
				CLANG_WARN_UNREACHABLE_CODE = YES;
				CLANG_WARN__DUPLICATE_METHOD_MATCH = YES;
				COPY_PHASE_STRIP = NO;
				DEBUG_INFORMATION_FORMAT = "dwarf-with-dsym";
				ENABLE_NS_ASSERTIONS = NO;
				ENABLE_STRICT_OBJC_MSGSEND = YES;
				GCC_C_LANGUAGE_STANDARD = gnu11;
				GCC_NO_COMMON_BLOCKS = YES;
				GCC_WARN_64_TO_32_BIT_CONVERSION = YES;
				GCC_WARN_ABOUT_RETURN_TYPE = YES_ERROR;
				GCC_WARN_UNDECLARED_SELECTOR = YES;
				GCC_WARN_UNINITIALIZED_AUTOS = YES_AGGRESSIVE;
				GCC_WARN_UNUSED_FUNCTION = YES;
				GCC_WARN_UNUSED_VARIABLE = YES;
				IPHONEOS_DEPLOYMENT_TARGET = 14.0;
				LOCALIZED_STRING_MACRO_NAMES = (
					"$(inherited)",
					StringKey,
				);
				MTL_ENABLE_DEBUG_INFO = NO;
				MTL_FAST_MATH = YES;
				SDKROOT = iphoneos;
				SWIFT_COMPILATION_MODE = wholemodule;
				SWIFT_OPTIMIZATION_LEVEL = "-O";
				VALIDATE_PRODUCT = YES;
			};
			name = Release;
		};
		08765F202511A5670024D427 /* Debug */ = {
			isa = XCBuildConfiguration;
			buildSettings = {
				ASSETCATALOG_COMPILER_APPICON_NAME = AppIcon;
				ASSETCATALOG_COMPILER_GLOBAL_ACCENT_COLOR_NAME = AccentColor;
				CODE_SIGN_STYLE = Automatic;
				DEVELOPMENT_TEAM = K4WL5WK33A;
				INFOPLIST_FILE = ResourceKeyApp/Info.plist;
				LD_RUNPATH_SEARCH_PATHS = (
					"$(inherited)",
					"@executable_path/Frameworks",
				);
				PRODUCT_BUNDLE_IDENTIFIER = com.ukjeong.navercorp.ResourceKeyApp;
				PRODUCT_NAME = "$(TARGET_NAME)";
				SWIFT_VERSION = 5.0;
				TARGETED_DEVICE_FAMILY = "1,2";
			};
			name = Debug;
		};
		08765F212511A5670024D427 /* Release */ = {
			isa = XCBuildConfiguration;
			buildSettings = {
				ASSETCATALOG_COMPILER_APPICON_NAME = AppIcon;
				ASSETCATALOG_COMPILER_GLOBAL_ACCENT_COLOR_NAME = AccentColor;
				CODE_SIGN_STYLE = Automatic;
				DEVELOPMENT_TEAM = K4WL5WK33A;
				INFOPLIST_FILE = ResourceKeyApp/Info.plist;
				LD_RUNPATH_SEARCH_PATHS = (
					"$(inherited)",
					"@executable_path/Frameworks",
				);
				PRODUCT_BUNDLE_IDENTIFIER = com.ukjeong.navercorp.ResourceKeyApp;
				PRODUCT_NAME = "$(TARGET_NAME)";
				SWIFT_VERSION = 5.0;
				TARGETED_DEVICE_FAMILY = "1,2";
			};
			name = Release;
		};
		08765F472511D5200024D427 /* Debug */ = {
			isa = XCBuildConfiguration;
			buildSettings = {
				BUNDLE_LOADER = "$(TEST_HOST)";
				CODE_SIGN_STYLE = Automatic;
				DEVELOPMENT_TEAM = K4WL5WK33A;
				INFOPLIST_FILE = ResourceKeyAppTests/Info.plist;
				LD_RUNPATH_SEARCH_PATHS = (
					"$(inherited)",
					"@executable_path/Frameworks",
					"@loader_path/Frameworks",
				);
				PRODUCT_BUNDLE_IDENTIFIER = com.ukjeong.navercorp.ResourceSampleTests;
				PRODUCT_NAME = "$(TARGET_NAME)";
				SWIFT_VERSION = 5.0;
				TARGETED_DEVICE_FAMILY = "1,2";
				TEST_HOST = "$(BUILT_PRODUCTS_DIR)/ResourceKeyApp.app/ResourceKeyApp";
			};
			name = Debug;
		};
		08765F482511D5200024D427 /* Release */ = {
			isa = XCBuildConfiguration;
			buildSettings = {
				BUNDLE_LOADER = "$(TEST_HOST)";
				CODE_SIGN_STYLE = Automatic;
				DEVELOPMENT_TEAM = K4WL5WK33A;
				INFOPLIST_FILE = ResourceKeyAppTests/Info.plist;
				LD_RUNPATH_SEARCH_PATHS = (
					"$(inherited)",
					"@executable_path/Frameworks",
					"@loader_path/Frameworks",
				);
				PRODUCT_BUNDLE_IDENTIFIER = com.ukjeong.navercorp.ResourceSampleTests;
				PRODUCT_NAME = "$(TARGET_NAME)";
				SWIFT_VERSION = 5.0;
				TARGETED_DEVICE_FAMILY = "1,2";
				TEST_HOST = "$(BUILT_PRODUCTS_DIR)/ResourceKeyApp.app/ResourceKeyApp";
			};
			name = Release;
		};
/* End XCBuildConfiguration section */

/* Begin XCConfigurationList section */
		0826A072252020D100F9A77D /* Build configuration list for PBXAggregateTarget "Generate-AssetKeys" */ = {
			isa = XCConfigurationList;
			buildConfigurations = (
				0826A070252020D100F9A77D /* Debug */,
				0826A071252020D100F9A77D /* Release */,
			);
			defaultConfigurationIsVisible = 0;
			defaultConfigurationName = Release;
		};
		08765F062511A5660024D427 /* Build configuration list for PBXProject "ResourceKeyApp" */ = {
			isa = XCConfigurationList;
			buildConfigurations = (
				08765F1D2511A5670024D427 /* Debug */,
				08765F1E2511A5670024D427 /* Release */,
			);
			defaultConfigurationIsVisible = 0;
			defaultConfigurationName = Release;
		};
		08765F1F2511A5670024D427 /* Build configuration list for PBXNativeTarget "ResourceKeyApp" */ = {
			isa = XCConfigurationList;
			buildConfigurations = (
				08765F202511A5670024D427 /* Debug */,
				08765F212511A5670024D427 /* Release */,
			);
			defaultConfigurationIsVisible = 0;
			defaultConfigurationName = Release;
		};
		08765F462511D5200024D427 /* Build configuration list for PBXNativeTarget "ResourceKeyAppTests" */ = {
			isa = XCConfigurationList;
			buildConfigurations = (
				08765F472511D5200024D427 /* Debug */,
				08765F482511D5200024D427 /* Release */,
			);
			defaultConfigurationIsVisible = 0;
			defaultConfigurationName = Release;
		};
/* End XCConfigurationList section */
	};
	rootObject = 08765F032511A5660024D427 /* Project object */;
}
