{
  "originHash" : "f05b719d92bb68fe85ac7fb60c943dbd8e065beac3c3bd0deaaf2351a4931f5b",
  "pins" : [
    {
      "identity" : "strix",
      "kind" : "remoteSourceControl",
      "location" : "https://github.com/nearfri/Strix",
      "state" : {
        "revision" : "820b86fadfebd1852dc28f5ade49c3dc1677953b",
        "version" : "2.4.6"
      }
    },
    {
      "identity" : "swift-argument-parser",
      "kind" : "remoteSourceControl",
      "location" : "https://github.com/apple/swift-argument-parser",
      "state" : {
        "revision" : "46989693916f56d1186bd59ac15124caef896560",
        "version" : "1.3.1"
      }
    },
    {
      "identity" : "swift-syntax",
      "kind" : "remoteSourceControl",
      "location" : "https://github.com/swiftlang/swift-syntax",
      "state" : {
        "revision" : "0687f71944021d616d34d922343dcef086855920",
        "version" : "600.0.1"
      }
    }
  ],
  "version" : 3
}
