// !$*UTF8*$!
{
	archiveVersion = 1;
	classes = {
	};
	objectVersion = 56;
	objects = {

/* Begin PBXBuildFile section */
		082934F528D2C768007D2577 /* XCResourceSampleApp.swift in Sources */ = {isa = PBXBuildFile; fileRef = 082934F428D2C768007D2577 /* XCResourceSampleApp.swift */; platformFilter = ios; };
		082934F928D2C768007D2577 /* Assets.xcassets in Resources */ = {isa = PBXBuildFile; fileRef = 082934F828D2C768007D2577 /* Assets.xcassets */; };
		082934FD28D2C768007D2577 /* Preview Assets.xcassets in Resources */ = {isa = PBXBuildFile; fileRef = 082934FC28D2C768007D2577 /* Preview Assets.xcassets */; };
		0829350728D2C769007D2577 /* XCResourceSampleTests.swift in Sources */ = {isa = PBXBuildFile; fileRef = 0829350628D2C769007D2577 /* XCResourceSampleTests.swift */; };
		0829352328D2C9AF007D2577 /* XCResourceSampleLib in Frameworks */ = {isa = PBXBuildFile; productRef = 0829352228D2C9AF007D2577 /* XCResourceSampleLib */; };
		0829352728D2CAB8007D2577 /* XCResourceSampleApp.swift in Sources */ = {isa = PBXBuildFile; fileRef = 0829352628D2CA84007D2577 /* XCResourceSampleApp.swift */; platformFilters = (macos, ); };
		0829352928D2CAF3007D2577 /* AppDelegate.swift in Sources */ = {isa = PBXBuildFile; fileRef = 0829352828D2CAF3007D2577 /* AppDelegate.swift */; platformFilters = (macos, ); };
		0829352E28D2CCA6007D2577 /* InfoPlist.strings in Resources */ = {isa = PBXBuildFile; fileRef = 0829353028D2CCA6007D2577 /* InfoPlist.strings */; };
/* End PBXBuildFile section */

/* Begin PBXContainerItemProxy section */
		0829350328D2C769007D2577 /* PBXContainerItemProxy */ = {
			isa = PBXContainerItemProxy;
			containerPortal = 082934E928D2C768007D2577 /* Project object */;
			proxyType = 1;
			remoteGlobalIDString = 082934F028D2C768007D2577;
			remoteInfo = XCResourceSample;
		};
/* End PBXContainerItemProxy section */

/* Begin PBXFileReference section */
		082934F128D2C768007D2577 /* XCResourceSample.app */ = {isa = PBXFileReference; explicitFileType = wrapper.application; includeInIndex = 0; path = XCResourceSample.app; sourceTree = BUILT_PRODUCTS_DIR; };
		082934F428D2C768007D2577 /* XCResourceSampleApp.swift */ = {isa = PBXFileReference; lastKnownFileType = sourcecode.swift; path = XCResourceSampleApp.swift; sourceTree = "<group>"; };
		082934F828D2C768007D2577 /* Assets.xcassets */ = {isa = PBXFileReference; lastKnownFileType = folder.assetcatalog; path = Assets.xcassets; sourceTree = "<group>"; };
		082934FA28D2C768007D2577 /* XCResourceSample.entitlements */ = {isa = PBXFileReference; lastKnownFileType = text.plist.entitlements; path = XCResourceSample.entitlements; sourceTree = "<group>"; };
		082934FC28D2C768007D2577 /* Preview Assets.xcassets */ = {isa = PBXFileReference; lastKnownFileType = folder.assetcatalog; path = "Preview Assets.xcassets"; sourceTree = "<group>"; };
		0829350228D2C769007D2577 /* XCResourceSampleTests.xctest */ = {isa = PBXFileReference; explicitFileType = wrapper.cfbundle; includeInIndex = 0; path = XCResourceSampleTests.xctest; sourceTree = BUILT_PRODUCTS_DIR; };
		0829350628D2C769007D2577 /* XCResourceSampleTests.swift */ = {isa = PBXFileReference; lastKnownFileType = sourcecode.swift; path = XCResourceSampleTests.swift; sourceTree = "<group>"; };
		0829352028D2C97F007D2577 /* XCResourceSampleLib */ = {isa = PBXFileReference; lastKnownFileType = wrapper; path = XCResourceSampleLib; sourceTree = "<group>"; };
		0829352628D2CA84007D2577 /* XCResourceSampleApp.swift */ = {isa = PBXFileReference; lastKnownFileType = sourcecode.swift; path = XCResourceSampleApp.swift; sourceTree = "<group>"; };
		0829352828D2CAF3007D2577 /* AppDelegate.swift */ = {isa = PBXFileReference; fileEncoding = 4; lastKnownFileType = sourcecode.swift; path = AppDelegate.swift; sourceTree = "<group>"; };
		0829352F28D2CCA6007D2577 /* en */ = {isa = PBXFileReference; lastKnownFileType = text.plist.strings; name = en; path = en.lproj/InfoPlist.strings; sourceTree = "<group>"; };
		0829353128D2CCA9007D2577 /* ko */ = {isa = PBXFileReference; lastKnownFileType = text.plist.strings; name = ko; path = ko.lproj/InfoPlist.strings; sourceTree = "<group>"; };
/* End PBXFileReference section */

/* Begin PBXFrameworksBuildPhase section */
		082934EE28D2C768007D2577 /* Frameworks */ = {
			isa = PBXFrameworksBuildPhase;
			buildActionMask = 2147483647;
			files = (
				0829352328D2C9AF007D2577 /* XCResourceSampleLib in Frameworks */,
			);
			runOnlyForDeploymentPostprocessing = 0;
		};
		082934FF28D2C769007D2577 /* Frameworks */ = {
			isa = PBXFrameworksBuildPhase;
			buildActionMask = 2147483647;
			files = (
			);
			runOnlyForDeploymentPostprocessing = 0;
		};
/* End PBXFrameworksBuildPhase section */

/* Begin PBXGroup section */
		082934E828D2C768007D2577 = {
			isa = PBXGroup;
			children = (
				0829351F28D2C97F007D2577 /* Packages */,
				082934F328D2C768007D2577 /* XCResourceSample */,
				0829350528D2C769007D2577 /* XCResourceSampleTests */,
				082934F228D2C768007D2577 /* Products */,
				0829352128D2C9AF007D2577 /* Frameworks */,
			);
			sourceTree = "<group>";
		};
		082934F228D2C768007D2577 /* Products */ = {
			isa = PBXGroup;
			children = (
				082934F128D2C768007D2577 /* XCResourceSample.app */,
				0829350228D2C769007D2577 /* XCResourceSampleTests.xctest */,
			);
			name = Products;
			sourceTree = "<group>";
		};
		082934F328D2C768007D2577 /* XCResourceSample */ = {
			isa = PBXGroup;
			children = (
				0829352428D2CA57007D2577 /* iOS */,
				0829352528D2CA5D007D2577 /* macOS */,
				082934F828D2C768007D2577 /* Assets.xcassets */,
				0829353028D2CCA6007D2577 /* InfoPlist.strings */,
				082934FA28D2C768007D2577 /* XCResourceSample.entitlements */,
				082934FB28D2C768007D2577 /* Preview Content */,
			);
			path = XCResourceSample;
			sourceTree = "<group>";
		};
		082934FB28D2C768007D2577 /* Preview Content */ = {
			isa = PBXGroup;
			children = (
				082934FC28D2C768007D2577 /* Preview Assets.xcassets */,
			);
			path = "Preview Content";
			sourceTree = "<group>";
		};
		0829350528D2C769007D2577 /* XCResourceSampleTests */ = {
			isa = PBXGroup;
			children = (
				0829350628D2C769007D2577 /* XCResourceSampleTests.swift */,
			);
			path = XCResourceSampleTests;
			sourceTree = "<group>";
		};
		0829351F28D2C97F007D2577 /* Packages */ = {
			isa = PBXGroup;
			children = (
				0829352028D2C97F007D2577 /* XCResourceSampleLib */,
			);
			name = Packages;
			sourceTree = "<group>";
		};
		0829352128D2C9AF007D2577 /* Frameworks */ = {
			isa = PBXGroup;
			children = (
			);
			name = Frameworks;
			sourceTree = "<group>";
		};
		0829352428D2CA57007D2577 /* iOS */ = {
			isa = PBXGroup;
			children = (
				082934F428D2C768007D2577 /* XCResourceSampleApp.swift */,
			);
			path = iOS;
			sourceTree = "<group>";
		};
		0829352528D2CA5D007D2577 /* macOS */ = {
			isa = PBXGroup;
			children = (
				0829352828D2CAF3007D2577 /* AppDelegate.swift */,
				0829352628D2CA84007D2577 /* XCResourceSampleApp.swift */,
			);
			path = macOS;
			sourceTree = "<group>";
		};
/* End PBXGroup section */

/* Begin PBXNativeTarget section */
		082934F028D2C768007D2577 /* XCResourceSample */ = {
			isa = PBXNativeTarget;
			buildConfigurationList = 0829351628D2C769007D2577 /* Build configuration list for PBXNativeTarget "XCResourceSample" */;
			buildPhases = (
				082934ED28D2C768007D2577 /* Sources */,
				082934EE28D2C768007D2577 /* Frameworks */,
				082934EF28D2C768007D2577 /* Resources */,
			);
			buildRules = (
			);
			dependencies = (
			);
			name = XCResourceSample;
			packageProductDependencies = (
				0829352228D2C9AF007D2577 /* XCResourceSampleLib */,
			);
			productName = XCResourceSample;
			productReference = 082934F128D2C768007D2577 /* XCResourceSample.app */;
			productType = "com.apple.product-type.application";
		};
		0829350128D2C769007D2577 /* XCResourceSampleTests */ = {
			isa = PBXNativeTarget;
			buildConfigurationList = 0829351928D2C769007D2577 /* Build configuration list for PBXNativeTarget "XCResourceSampleTests" */;
			buildPhases = (
				082934FE28D2C769007D2577 /* Sources */,
				082934FF28D2C769007D2577 /* Frameworks */,
				0829350028D2C769007D2577 /* Resources */,
			);
			buildRules = (
			);
			dependencies = (
				0829350428D2C769007D2577 /* PBXTargetDependency */,
			);
			name = XCResourceSampleTests;
			productName = XCResourceSampleTests;
			productReference = 0829350228D2C769007D2577 /* XCResourceSampleTests.xctest */;
			productType = "com.apple.product-type.bundle.unit-test";
		};
/* End PBXNativeTarget section */

/* Begin PBXProject section */
		082934E928D2C768007D2577 /* Project object */ = {
			isa = PBXProject;
			attributes = {
				BuildIndependentTargetsInParallel = 1;
				LastSwiftUpdateCheck = 1400;
				LastUpgradeCheck = 1400;
				TargetAttributes = {
					082934F028D2C768007D2577 = {
						CreatedOnToolsVersion = 14.0;
					};
					0829350128D2C769007D2577 = {
						CreatedOnToolsVersion = 14.0;
						TestTargetID = 082934F028D2C768007D2577;
					};
				};
			};
			buildConfigurationList = 082934EC28D2C768007D2577 /* Build configuration list for PBXProject "XCResourceSample" */;
			compatibilityVersion = "Xcode 14.0";
			developmentRegion = en;
			hasScannedForEncodings = 0;
			knownRegions = (
				en,
				Base,
				ko,
			);
			mainGroup = 082934E828D2C768007D2577;
			productRefGroup = 082934F228D2C768007D2577 /* Products */;
			projectDirPath = "";
			projectRoot = "";
			targets = (
				082934F028D2C768007D2577 /* XCResourceSample */,
				0829350128D2C769007D2577 /* XCResourceSampleTests */,
			);
		};
/* End PBXProject section */

/* Begin PBXResourcesBuildPhase section */
		082934EF28D2C768007D2577 /* Resources */ = {
			isa = PBXResourcesBuildPhase;
			buildActionMask = 2147483647;
			files = (
				082934FD28D2C768007D2577 /* Preview Assets.xcassets in Resources */,
				0829352E28D2CCA6007D2577 /* InfoPlist.strings in Resources */,
				082934F928D2C768007D2577 /* Assets.xcassets in Resources */,
			);
			runOnlyForDeploymentPostprocessing = 0;
		};
		0829350028D2C769007D2577 /* Resources */ = {
			isa = PBXResourcesBuildPhase;
			buildActionMask = 2147483647;
			files = (
			);
			runOnlyForDeploymentPostprocessing = 0;
		};
/* End PBXResourcesBuildPhase section */

/* Begin PBXSourcesBuildPhase section */
		082934ED28D2C768007D2577 /* Sources */ = {
			isa = PBXSourcesBuildPhase;
			buildActionMask = 2147483647;
			files = (
				0829352928D2CAF3007D2577 /* AppDelegate.swift in Sources */,
				0829352728D2CAB8007D2577 /* XCResourceSampleApp.swift in Sources */,
				082934F528D2C768007D2577 /* XCResourceSampleApp.swift in Sources */,
			);
			runOnlyForDeploymentPostprocessing = 0;
		};
		082934FE28D2C769007D2577 /* Sources */ = {
			isa = PBXSourcesBuildPhase;
			buildActionMask = 2147483647;
			files = (
				0829350728D2C769007D2577 /* XCResourceSampleTests.swift in Sources */,
			);
			runOnlyForDeploymentPostprocessing = 0;
		};
/* End PBXSourcesBuildPhase section */

/* Begin PBXTargetDependency section */
		0829350428D2C769007D2577 /* PBXTargetDependency */ = {
			isa = PBXTargetDependency;
			target = 082934F028D2C768007D2577 /* XCResourceSample */;
			targetProxy = 0829350328D2C769007D2577 /* PBXContainerItemProxy */;
		};
/* End PBXTargetDependency section */

/* Begin PBXVariantGroup section */
		0829353028D2CCA6007D2577 /* InfoPlist.strings */ = {
			isa = PBXVariantGroup;
			children = (
				0829352F28D2CCA6007D2577 /* en */,
				0829353128D2CCA9007D2577 /* ko */,
			);
			name = InfoPlist.strings;
			sourceTree = "<group>";
		};
/* End PBXVariantGroup section */

/* Begin XCBuildConfiguration section */
		0829351428D2C769007D2577 /* Debug */ = {
			isa = XCBuildConfiguration;
			buildSettings = {
				ALWAYS_SEARCH_USER_PATHS = NO;
				CLANG_ANALYZER_NONNULL = YES;
				CLANG_ANALYZER_NUMBER_OBJECT_CONVERSION = YES_AGGRESSIVE;
				CLANG_CXX_LANGUAGE_STANDARD = "gnu++20";
				CLANG_ENABLE_MODULES = YES;
				CLANG_ENABLE_OBJC_ARC = YES;
				CLANG_ENABLE_OBJC_WEAK = YES;
				CLANG_WARN_BLOCK_CAPTURE_AUTORELEASING = YES;
				CLANG_WARN_BOOL_CONVERSION = YES;
				CLANG_WARN_COMMA = YES;
				CLANG_WARN_CONSTANT_CONVERSION = YES;
				CLANG_WARN_DEPRECATED_OBJC_IMPLEMENTATIONS = YES;
				CLANG_WARN_DIRECT_OBJC_ISA_USAGE = YES_ERROR;
				CLANG_WARN_DOCUMENTATION_COMMENTS = YES;
				CLANG_WARN_EMPTY_BODY = YES;
				CLANG_WARN_ENUM_CONVERSION = YES;
				CLANG_WARN_INFINITE_RECURSION = YES;
				CLANG_WARN_INT_CONVERSION = YES;
				CLANG_WARN_NON_LITERAL_NULL_CONVERSION = YES;
				CLANG_WARN_OBJC_IMPLICIT_RETAIN_SELF = YES;
				CLANG_WARN_OBJC_LITERAL_CONVERSION = YES;
				CLANG_WARN_OBJC_ROOT_CLASS = YES_ERROR;
				CLANG_WARN_QUOTED_INCLUDE_IN_FRAMEWORK_HEADER = YES;
				CLANG_WARN_RANGE_LOOP_ANALYSIS = YES;
				CLANG_WARN_STRICT_PROTOTYPES = YES;
				CLANG_WARN_SUSPICIOUS_MOVE = YES;
				CLANG_WARN_UNGUARDED_AVAILABILITY = YES_AGGRESSIVE;
				CLANG_WARN_UNREACHABLE_CODE = YES;
				CLANG_WARN__DUPLICATE_METHOD_MATCH = YES;
				COPY_PHASE_STRIP = NO;
				DEBUG_INFORMATION_FORMAT = dwarf;
				ENABLE_STRICT_OBJC_MSGSEND = YES;
				ENABLE_TESTABILITY = YES;
				GCC_C_LANGUAGE_STANDARD = gnu11;
				GCC_DYNAMIC_NO_PIC = NO;
				GCC_NO_COMMON_BLOCKS = YES;
				GCC_OPTIMIZATION_LEVEL = 0;
				GCC_PREPROCESSOR_DEFINITIONS = (
					"DEBUG=1",
					"$(inherited)",
				);
				GCC_WARN_64_TO_32_BIT_CONVERSION = YES;
				GCC_WARN_ABOUT_RETURN_TYPE = YES_ERROR;
				GCC_WARN_UNDECLARED_SELECTOR = YES;
				GCC_WARN_UNINITIALIZED_AUTOS = YES_AGGRESSIVE;
				GCC_WARN_UNUSED_FUNCTION = YES;
				GCC_WARN_UNUSED_VARIABLE = YES;
				MTL_ENABLE_DEBUG_INFO = INCLUDE_SOURCE;
				MTL_FAST_MATH = YES;
				ONLY_ACTIVE_ARCH = YES;
				SWIFT_ACTIVE_COMPILATION_CONDITIONS = DEBUG;
				SWIFT_OPTIMIZATION_LEVEL = "-Onone";
			};
			name = Debug;
		};
		0829351528D2C769007D2577 /* Release */ = {
			isa = XCBuildConfiguration;
			buildSettings = {
				ALWAYS_SEARCH_USER_PATHS = NO;
				CLANG_ANALYZER_NONNULL = YES;
				CLANG_ANALYZER_NUMBER_OBJECT_CONVERSION = YES_AGGRESSIVE;
				CLANG_CXX_LANGUAGE_STANDARD = "gnu++20";
				CLANG_ENABLE_MODULES = YES;
				CLANG_ENABLE_OBJC_ARC = YES;
				CLANG_ENABLE_OBJC_WEAK = YES;
				CLANG_WARN_BLOCK_CAPTURE_AUTORELEASING = YES;
				CLANG_WARN_BOOL_CONVERSION = YES;
				CLANG_WARN_COMMA = YES;
				CLANG_WARN_CONSTANT_CONVERSION = YES;
				CLANG_WARN_DEPRECATED_OBJC_IMPLEMENTATIONS = YES;
				CLANG_WARN_DIRECT_OBJC_ISA_USAGE = YES_ERROR;
				CLANG_WARN_DOCUMENTATION_COMMENTS = YES;
				CLANG_WARN_EMPTY_BODY = YES;
				CLANG_WARN_ENUM_CONVERSION = YES;
				CLANG_WARN_INFINITE_RECURSION = YES;
				CLANG_WARN_INT_CONVERSION = YES;
				CLANG_WARN_NON_LITERAL_NULL_CONVERSION = YES;
				CLANG_WARN_OBJC_IMPLICIT_RETAIN_SELF = YES;
				CLANG_WARN_OBJC_LITERAL_CONVERSION = YES;
				CLANG_WARN_OBJC_ROOT_CLASS = YES_ERROR;
				CLANG_WARN_QUOTED_INCLUDE_IN_FRAMEWORK_HEADER = YES;
				CLANG_WARN_RANGE_LOOP_ANALYSIS = YES;
				CLANG_WARN_STRICT_PROTOTYPES = YES;
				CLANG_WARN_SUSPICIOUS_MOVE = YES;
				CLANG_WARN_UNGUARDED_AVAILABILITY = YES_AGGRESSIVE;
				CLANG_WARN_UNREACHABLE_CODE = YES;
				CLANG_WARN__DUPLICATE_METHOD_MATCH = YES;
				COPY_PHASE_STRIP = NO;
				DEBUG_INFORMATION_FORMAT = "dwarf-with-dsym";
				ENABLE_NS_ASSERTIONS = NO;
				ENABLE_STRICT_OBJC_MSGSEND = YES;
				GCC_C_LANGUAGE_STANDARD = gnu11;
				GCC_NO_COMMON_BLOCKS = YES;
				GCC_WARN_64_TO_32_BIT_CONVERSION = YES;
				GCC_WARN_ABOUT_RETURN_TYPE = YES_ERROR;
				GCC_WARN_UNDECLARED_SELECTOR = YES;
				GCC_WARN_UNINITIALIZED_AUTOS = YES_AGGRESSIVE;
				GCC_WARN_UNUSED_FUNCTION = YES;
				GCC_WARN_UNUSED_VARIABLE = YES;
				MTL_ENABLE_DEBUG_INFO = NO;
				MTL_FAST_MATH = YES;
				SWIFT_COMPILATION_MODE = wholemodule;
				SWIFT_OPTIMIZATION_LEVEL = "-O";
			};
			name = Release;
		};
		0829351728D2C769007D2577 /* Debug */ = {
			isa = XCBuildConfiguration;
			buildSettings = {
				ASSETCATALOG_COMPILER_APPICON_NAME = AppIcon;
				ASSETCATALOG_COMPILER_GLOBAL_ACCENT_COLOR_NAME = AccentColor;
				CODE_SIGN_ENTITLEMENTS = XCResourceSample/XCResourceSample.entitlements;
				CODE_SIGN_STYLE = Automatic;
				CURRENT_PROJECT_VERSION = 1;
				DEVELOPMENT_ASSET_PATHS = "\"XCResourceSample/Preview Content\"";
				ENABLE_PREVIEWS = YES;
				GENERATE_INFOPLIST_FILE = YES;
				"INFOPLIST_KEY_UIApplicationSceneManifest_Generation[sdk=iphoneos*]" = YES;
				"INFOPLIST_KEY_UIApplicationSceneManifest_Generation[sdk=iphonesimulator*]" = YES;
				"INFOPLIST_KEY_UIApplicationSupportsIndirectInputEvents[sdk=iphoneos*]" = YES;
				"INFOPLIST_KEY_UIApplicationSupportsIndirectInputEvents[sdk=iphonesimulator*]" = YES;
				"INFOPLIST_KEY_UILaunchScreen_Generation[sdk=iphoneos*]" = YES;
				"INFOPLIST_KEY_UILaunchScreen_Generation[sdk=iphonesimulator*]" = YES;
				"INFOPLIST_KEY_UIStatusBarStyle[sdk=iphoneos*]" = UIStatusBarStyleDefault;
				"INFOPLIST_KEY_UIStatusBarStyle[sdk=iphonesimulator*]" = UIStatusBarStyleDefault;
				INFOPLIST_KEY_UISupportedInterfaceOrientations_iPad = "UIInterfaceOrientationPortrait UIInterfaceOrientationPortraitUpsideDown UIInterfaceOrientationLandscapeLeft UIInterfaceOrientationLandscapeRight";
				INFOPLIST_KEY_UISupportedInterfaceOrientations_iPhone = "UIInterfaceOrientationPortrait UIInterfaceOrientationLandscapeLeft UIInterfaceOrientationLandscapeRight";
				IPHONEOS_DEPLOYMENT_TARGET = 16.0;
				LD_RUNPATH_SEARCH_PATHS = "@executable_path/Frameworks";
				"LD_RUNPATH_SEARCH_PATHS[sdk=macosx*]" = "@executable_path/../Frameworks";
				MACOSX_DEPLOYMENT_TARGET = 12.3;
				MARKETING_VERSION = 1.0;
				PRODUCT_BUNDLE_IDENTIFIER = com.example.ukjeong.XCResourceSample;
				PRODUCT_NAME = "$(TARGET_NAME)";
				SDKROOT = auto;
				SUPPORTED_PLATFORMS = "iphoneos iphonesimulator macosx";
				SWIFT_EMIT_LOC_STRINGS = YES;
				SWIFT_VERSION = 5.0;
				TARGETED_DEVICE_FAMILY = "1,2";
			};
			name = Debug;
		};
		0829351828D2C769007D2577 /* Release */ = {
			isa = XCBuildConfiguration;
			buildSettings = {
				ASSETCATALOG_COMPILER_APPICON_NAME = AppIcon;
				ASSETCATALOG_COMPILER_GLOBAL_ACCENT_COLOR_NAME = AccentColor;
				CODE_SIGN_ENTITLEMENTS = XCResourceSample/XCResourceSample.entitlements;
				CODE_SIGN_STYLE = Automatic;
				CURRENT_PROJECT_VERSION = 1;
				DEVELOPMENT_ASSET_PATHS = "\"XCResourceSample/Preview Content\"";
				ENABLE_PREVIEWS = YES;
				GENERATE_INFOPLIST_FILE = YES;
				"INFOPLIST_KEY_UIApplicationSceneManifest_Generation[sdk=iphoneos*]" = YES;
				"INFOPLIST_KEY_UIApplicationSceneManifest_Generation[sdk=iphonesimulator*]" = YES;
				"INFOPLIST_KEY_UIApplicationSupportsIndirectInputEvents[sdk=iphoneos*]" = YES;
				"INFOPLIST_KEY_UIApplicationSupportsIndirectInputEvents[sdk=iphonesimulator*]" = YES;
				"INFOPLIST_KEY_UILaunchScreen_Generation[sdk=iphoneos*]" = YES;
				"INFOPLIST_KEY_UILaunchScreen_Generation[sdk=iphonesimulator*]" = YES;
				"INFOPLIST_KEY_UIStatusBarStyle[sdk=iphoneos*]" = UIStatusBarStyleDefault;
				"INFOPLIST_KEY_UIStatusBarStyle[sdk=iphonesimulator*]" = UIStatusBarStyleDefault;
				INFOPLIST_KEY_UISupportedInterfaceOrientations_iPad = "UIInterfaceOrientationPortrait UIInterfaceOrientationPortraitUpsideDown UIInterfaceOrientationLandscapeLeft UIInterfaceOrientationLandscapeRight";
				INFOPLIST_KEY_UISupportedInterfaceOrientations_iPhone = "UIInterfaceOrientationPortrait UIInterfaceOrientationLandscapeLeft UIInterfaceOrientationLandscapeRight";
				IPHONEOS_DEPLOYMENT_TARGET = 16.0;
				LD_RUNPATH_SEARCH_PATHS = "@executable_path/Frameworks";
				"LD_RUNPATH_SEARCH_PATHS[sdk=macosx*]" = "@executable_path/../Frameworks";
				MACOSX_DEPLOYMENT_TARGET = 12.3;
				MARKETING_VERSION = 1.0;
				PRODUCT_BUNDLE_IDENTIFIER = com.example.ukjeong.XCResourceSample;
				PRODUCT_NAME = "$(TARGET_NAME)";
				SDKROOT = auto;
				SUPPORTED_PLATFORMS = "iphoneos iphonesimulator macosx";
				SWIFT_EMIT_LOC_STRINGS = YES;
				SWIFT_VERSION = 5.0;
				TARGETED_DEVICE_FAMILY = "1,2";
			};
			name = Release;
		};
		0829351A28D2C769007D2577 /* Debug */ = {
			isa = XCBuildConfiguration;
			buildSettings = {
				ALWAYS_EMBED_SWIFT_STANDARD_LIBRARIES = YES;
				BUNDLE_LOADER = "$(TEST_HOST)";
				CODE_SIGN_STYLE = Automatic;
				CURRENT_PROJECT_VERSION = 1;
				GENERATE_INFOPLIST_FILE = YES;
				IPHONEOS_DEPLOYMENT_TARGET = 16.0;
				MACOSX_DEPLOYMENT_TARGET = 12.3;
				MARKETING_VERSION = 1.0;
				PRODUCT_BUNDLE_IDENTIFIER = com.example.ukjeong.XCResourceSampleTests;
				PRODUCT_NAME = "$(TARGET_NAME)";
				SDKROOT = auto;
				SUPPORTED_PLATFORMS = "iphoneos iphonesimulator macosx";
				SWIFT_EMIT_LOC_STRINGS = NO;
				SWIFT_VERSION = 5.0;
				TARGETED_DEVICE_FAMILY = "1,2";
				TEST_HOST = "$(BUILT_PRODUCTS_DIR)/XCResourceSample.app/$(BUNDLE_EXECUTABLE_FOLDER_PATH)/XCResourceSample";
			};
			name = Debug;
		};
		0829351B28D2C769007D2577 /* Release */ = {
			isa = XCBuildConfiguration;
			buildSettings = {
				ALWAYS_EMBED_SWIFT_STANDARD_LIBRARIES = YES;
				BUNDLE_LOADER = "$(TEST_HOST)";
				CODE_SIGN_STYLE = Automatic;
				CURRENT_PROJECT_VERSION = 1;
				GENERATE_INFOPLIST_FILE = YES;
				IPHONEOS_DEPLOYMENT_TARGET = 16.0;
				MACOSX_DEPLOYMENT_TARGET = 12.3;
				MARKETING_VERSION = 1.0;
				PRODUCT_BUNDLE_IDENTIFIER = com.example.ukjeong.XCResourceSampleTests;
				PRODUCT_NAME = "$(TARGET_NAME)";
				SDKROOT = auto;
				SUPPORTED_PLATFORMS = "iphoneos iphonesimulator macosx";
				SWIFT_EMIT_LOC_STRINGS = NO;
				SWIFT_VERSION = 5.0;
				TARGETED_DEVICE_FAMILY = "1,2";
				TEST_HOST = "$(BUILT_PRODUCTS_DIR)/XCResourceSample.app/$(BUNDLE_EXECUTABLE_FOLDER_PATH)/XCResourceSample";
			};
			name = Release;
		};
/* End XCBuildConfiguration section */

/* Begin XCConfigurationList section */
		082934EC28D2C768007D2577 /* Build configuration list for PBXProject "XCResourceSample" */ = {
			isa = XCConfigurationList;
			buildConfigurations = (
				0829351428D2C769007D2577 /* Debug */,
				0829351528D2C769007D2577 /* Release */,
			);
			defaultConfigurationIsVisible = 0;
			defaultConfigurationName = Release;
		};
		0829351628D2C769007D2577 /* Build configuration list for PBXNativeTarget "XCResourceSample" */ = {
			isa = XCConfigurationList;
			buildConfigurations = (
				0829351728D2C769007D2577 /* Debug */,
				0829351828D2C769007D2577 /* Release */,
			);
			defaultConfigurationIsVisible = 0;
			defaultConfigurationName = Release;
		};
		0829351928D2C769007D2577 /* Build configuration list for PBXNativeTarget "XCResourceSampleTests" */ = {
			isa = XCConfigurationList;
			buildConfigurations = (
				0829351A28D2C769007D2577 /* Debug */,
				0829351B28D2C769007D2577 /* Release */,
			);
			defaultConfigurationIsVisible = 0;
			defaultConfigurationName = Release;
		};
/* End XCConfigurationList section */

/* Begin XCSwiftPackageProductDependency section */
		0829352228D2C9AF007D2577 /* XCResourceSampleLib */ = {
			isa = XCSwiftPackageProductDependency;
			productName = XCResourceSampleLib;
		};
/* End XCSwiftPackageProductDependency section */
	};
	rootObject = 082934E928D2C768007D2577 /* Project object */;
}
