// !$*UTF8*$!
{
	archiveVersion = 1;
	classes = {
	};
	objectVersion = 55;
	objects = {

/* Begin PBXBuildFile section */
		083856FC284BBD1F00E49632 /* XCResourceSampleApp.swift in Sources */ = {isa = PBXBuildFile; fileRef = 083856FB284BBCEA00E49632 /* XCResourceSampleApp.swift */; };
		083856FD284BBD2300E49632 /* XCResourceSampleApp.swift in Sources */ = {isa = PBXBuildFile; fileRef = 083856FA284BBCE400E49632 /* XCResourceSampleApp.swift */; };
		08385737284BBF2500E49632 /* XCResourceSampleLibrary in Frameworks */ = {isa = PBXBuildFile; productRef = 08385736284BBF2500E49632 /* XCResourceSampleLibrary */; };
		08385739284BBF3C00E49632 /* XCResourceSampleLibrary in Frameworks */ = {isa = PBXBuildFile; productRef = 08385738284BBF3C00E49632 /* XCResourceSampleLibrary */; };
		0838573B284BC1BA00E49632 /* AppDelegate.swift in Sources */ = {isa = PBXBuildFile; fileRef = 0838573A284BC1BA00E49632 /* AppDelegate.swift */; };
		08385794284CF16400E49632 /* Assets.xcassets in Resources */ = {isa = PBXBuildFile; fileRef = 08385793284CF16400E49632 /* Assets.xcassets */; };
		08385795284CF16400E49632 /* Assets.xcassets in Resources */ = {isa = PBXBuildFile; fileRef = 08385793284CF16400E49632 /* Assets.xcassets */; };
		08385799284CF18A00E49632 /* InfoPlist.strings in Resources */ = {isa = PBXBuildFile; fileRef = 0838579C284CF18A00E49632 /* InfoPlist.strings */; };
		0838579A284CF18A00E49632 /* InfoPlist.strings in Resources */ = {isa = PBXBuildFile; fileRef = 0838579C284CF18A00E49632 /* InfoPlist.strings */; };
		08BB5B41284B4119001C8E41 /* Tests_iOS.swift in Sources */ = {isa = PBXBuildFile; fileRef = 08BB5B40284B4119001C8E41 /* Tests_iOS.swift */; };
		08BB5B43284B4119001C8E41 /* Tests_iOSLaunchTests.swift in Sources */ = {isa = PBXBuildFile; fileRef = 08BB5B42284B4119001C8E41 /* Tests_iOSLaunchTests.swift */; };
		08BB5B4D284B4119001C8E41 /* Tests_macOS.swift in Sources */ = {isa = PBXBuildFile; fileRef = 08BB5B4C284B4119001C8E41 /* Tests_macOS.swift */; };
		08BB5B4F284B4119001C8E41 /* Tests_macOSLaunchTests.swift in Sources */ = {isa = PBXBuildFile; fileRef = 08BB5B4E284B4119001C8E41 /* Tests_macOSLaunchTests.swift */; };
/* End PBXBuildFile section */

/* Begin PBXContainerItemProxy section */
		08BB5B3D284B4119001C8E41 /* PBXContainerItemProxy */ = {
			isa = PBXContainerItemProxy;
			containerPortal = 08BB5B23284B4118001C8E41 /* Project object */;
			proxyType = 1;
			remoteGlobalIDString = 08BB5B2E284B4119001C8E41;
			remoteInfo = "XCResourceSample (iOS)";
		};
		08BB5B49284B4119001C8E41 /* PBXContainerItemProxy */ = {
			isa = PBXContainerItemProxy;
			containerPortal = 08BB5B23284B4118001C8E41 /* Project object */;
			proxyType = 1;
			remoteGlobalIDString = 08BB5B34284B4119001C8E41;
			remoteInfo = "XCResourceSample (macOS)";
		};
/* End PBXContainerItemProxy section */

/* Begin PBXFileReference section */
		083856FA284BBCE400E49632 /* XCResourceSampleApp.swift */ = {isa = PBXFileReference; lastKnownFileType = sourcecode.swift; path = XCResourceSampleApp.swift; sourceTree = "<group>"; };
		083856FB284BBCEA00E49632 /* XCResourceSampleApp.swift */ = {isa = PBXFileReference; lastKnownFileType = sourcecode.swift; path = XCResourceSampleApp.swift; sourceTree = "<group>"; };
		0838573A284BC1BA00E49632 /* AppDelegate.swift */ = {isa = PBXFileReference; lastKnownFileType = sourcecode.swift; path = AppDelegate.swift; sourceTree = "<group>"; };
		08385793284CF16400E49632 /* Assets.xcassets */ = {isa = PBXFileReference; lastKnownFileType = folder.assetcatalog; path = Assets.xcassets; sourceTree = "<group>"; };
		0838579B284CF18A00E49632 /* en */ = {isa = PBXFileReference; lastKnownFileType = text.plist.strings; name = en; path = en.lproj/InfoPlist.strings; sourceTree = "<group>"; };
		0838579D284CF18C00E49632 /* ko */ = {isa = PBXFileReference; lastKnownFileType = text.plist.strings; name = ko; path = ko.lproj/InfoPlist.strings; sourceTree = "<group>"; };
		08BB5B2F284B4119001C8E41 /* XCResourceSample.app */ = {isa = PBXFileReference; explicitFileType = wrapper.application; includeInIndex = 0; path = XCResourceSample.app; sourceTree = BUILT_PRODUCTS_DIR; };
		08BB5B35284B4119001C8E41 /* XCResourceSample.app */ = {isa = PBXFileReference; explicitFileType = wrapper.application; includeInIndex = 0; path = XCResourceSample.app; sourceTree = BUILT_PRODUCTS_DIR; };
		08BB5B37284B4119001C8E41 /* macOS.entitlements */ = {isa = PBXFileReference; lastKnownFileType = text.plist.entitlements; path = macOS.entitlements; sourceTree = "<group>"; };
		08BB5B3C284B4119001C8E41 /* Tests iOS.xctest */ = {isa = PBXFileReference; explicitFileType = wrapper.cfbundle; includeInIndex = 0; path = "Tests iOS.xctest"; sourceTree = BUILT_PRODUCTS_DIR; };
		08BB5B40284B4119001C8E41 /* Tests_iOS.swift */ = {isa = PBXFileReference; lastKnownFileType = sourcecode.swift; path = Tests_iOS.swift; sourceTree = "<group>"; };
		08BB5B42284B4119001C8E41 /* Tests_iOSLaunchTests.swift */ = {isa = PBXFileReference; lastKnownFileType = sourcecode.swift; path = Tests_iOSLaunchTests.swift; sourceTree = "<group>"; };
		08BB5B48284B4119001C8E41 /* Tests macOS.xctest */ = {isa = PBXFileReference; explicitFileType = wrapper.cfbundle; includeInIndex = 0; path = "Tests macOS.xctest"; sourceTree = BUILT_PRODUCTS_DIR; };
		08BB5B4C284B4119001C8E41 /* Tests_macOS.swift */ = {isa = PBXFileReference; lastKnownFileType = sourcecode.swift; path = Tests_macOS.swift; sourceTree = "<group>"; };
		08BB5B4E284B4119001C8E41 /* Tests_macOSLaunchTests.swift */ = {isa = PBXFileReference; lastKnownFileType = sourcecode.swift; path = Tests_macOSLaunchTests.swift; sourceTree = "<group>"; };
		08BB5BC8284B7322001C8E41 /* XCResourceSampleLibrary */ = {isa = PBXFileReference; lastKnownFileType = wrapper; path = XCResourceSampleLibrary; sourceTree = "<group>"; };
/* End PBXFileReference section */

/* Begin PBXFrameworksBuildPhase section */
		08BB5B2C284B4119001C8E41 /* Frameworks */ = {
			isa = PBXFrameworksBuildPhase;
			buildActionMask = 2147483647;
			files = (
				08385737284BBF2500E49632 /* XCResourceSampleLibrary in Frameworks */,
			);
			runOnlyForDeploymentPostprocessing = 0;
		};
		08BB5B32284B4119001C8E41 /* Frameworks */ = {
			isa = PBXFrameworksBuildPhase;
			buildActionMask = 2147483647;
			files = (
				08385739284BBF3C00E49632 /* XCResourceSampleLibrary in Frameworks */,
			);
			runOnlyForDeploymentPostprocessing = 0;
		};
		08BB5B39284B4119001C8E41 /* Frameworks */ = {
			isa = PBXFrameworksBuildPhase;
			buildActionMask = 2147483647;
			files = (
			);
			runOnlyForDeploymentPostprocessing = 0;
		};
		08BB5B45284B4119001C8E41 /* Frameworks */ = {
			isa = PBXFrameworksBuildPhase;
			buildActionMask = 2147483647;
			files = (
			);
			runOnlyForDeploymentPostprocessing = 0;
		};
/* End PBXFrameworksBuildPhase section */

/* Begin PBXGroup section */
		083856F7284BBCAD00E49632 /* iOS */ = {
			isa = PBXGroup;
			children = (
				083856FA284BBCE400E49632 /* XCResourceSampleApp.swift */,
			);
			path = iOS;
			sourceTree = "<group>";
		};
		08385740284CEEF500E49632 /* Shared */ = {
			isa = PBXGroup;
			children = (
				08385793284CF16400E49632 /* Assets.xcassets */,
				0838579C284CF18A00E49632 /* InfoPlist.strings */,
			);
			path = Shared;
			sourceTree = "<group>";
		};
		08BB5B22284B4118001C8E41 = {
			isa = PBXGroup;
			children = (
				08BB5BC7284B7322001C8E41 /* Packages */,
				08385740284CEEF500E49632 /* Shared */,
				083856F7284BBCAD00E49632 /* iOS */,
				08BB5B36284B4119001C8E41 /* macOS */,
				08BB5B3F284B4119001C8E41 /* Tests iOS */,
				08BB5B4B284B4119001C8E41 /* Tests macOS */,
				08BB5B30284B4119001C8E41 /* Products */,
			);
			sourceTree = "<group>";
		};
		08BB5B30284B4119001C8E41 /* Products */ = {
			isa = PBXGroup;
			children = (
				08BB5B2F284B4119001C8E41 /* XCResourceSample.app */,
				08BB5B35284B4119001C8E41 /* XCResourceSample.app */,
				08BB5B3C284B4119001C8E41 /* Tests iOS.xctest */,
				08BB5B48284B4119001C8E41 /* Tests macOS.xctest */,
			);
			name = Products;
			sourceTree = "<group>";
		};
		08BB5B36284B4119001C8E41 /* macOS */ = {
			isa = PBXGroup;
			children = (
				0838573A284BC1BA00E49632 /* AppDelegate.swift */,
				083856FB284BBCEA00E49632 /* XCResourceSampleApp.swift */,
				08BB5B37284B4119001C8E41 /* macOS.entitlements */,
			);
			path = macOS;
			sourceTree = "<group>";
		};
		08BB5B3F284B4119001C8E41 /* Tests iOS */ = {
			isa = PBXGroup;
			children = (
				08BB5B40284B4119001C8E41 /* Tests_iOS.swift */,
				08BB5B42284B4119001C8E41 /* Tests_iOSLaunchTests.swift */,
			);
			path = "Tests iOS";
			sourceTree = "<group>";
		};
		08BB5B4B284B4119001C8E41 /* Tests macOS */ = {
			isa = PBXGroup;
			children = (
				08BB5B4C284B4119001C8E41 /* Tests_macOS.swift */,
				08BB5B4E284B4119001C8E41 /* Tests_macOSLaunchTests.swift */,
			);
			path = "Tests macOS";
			sourceTree = "<group>";
		};
		08BB5BC7284B7322001C8E41 /* Packages */ = {
			isa = PBXGroup;
			children = (
				08BB5BC8284B7322001C8E41 /* XCResourceSampleLibrary */,
			);
			name = Packages;
			sourceTree = "<group>";
		};
/* End PBXGroup section */

/* Begin PBXNativeTarget section */
		08BB5B2E284B4119001C8E41 /* XCResourceSample (iOS) */ = {
			isa = PBXNativeTarget;
			buildConfigurationList = 08BB5B58284B4119001C8E41 /* Build configuration list for PBXNativeTarget "XCResourceSample (iOS)" */;
			buildPhases = (
				08BB5B2B284B4119001C8E41 /* Sources */,
				08BB5B2C284B4119001C8E41 /* Frameworks */,
				08BB5B2D284B4119001C8E41 /* Resources */,
			);
			buildRules = (
			);
			dependencies = (
			);
			name = "XCResourceSample (iOS)";
			packageProductDependencies = (
				08385736284BBF2500E49632 /* XCResourceSampleLibrary */,
			);
			productName = "XCResourceSample (iOS)";
			productReference = 08BB5B2F284B4119001C8E41 /* XCResourceSample.app */;
			productType = "com.apple.product-type.application";
		};
		08BB5B34284B4119001C8E41 /* XCResourceSample (macOS) */ = {
			isa = PBXNativeTarget;
			buildConfigurationList = 08BB5B5B284B4119001C8E41 /* Build configuration list for PBXNativeTarget "XCResourceSample (macOS)" */;
			buildPhases = (
				08BB5B31284B4119001C8E41 /* Sources */,
				08BB5B32284B4119001C8E41 /* Frameworks */,
				08BB5B33284B4119001C8E41 /* Resources */,
			);
			buildRules = (
			);
			dependencies = (
			);
			name = "XCResourceSample (macOS)";
			packageProductDependencies = (
				08385738284BBF3C00E49632 /* XCResourceSampleLibrary */,
			);
			productName = "XCResourceSample (macOS)";
			productReference = 08BB5B35284B4119001C8E41 /* XCResourceSample.app */;
			productType = "com.apple.product-type.application";
		};
		08BB5B3B284B4119001C8E41 /* Tests iOS */ = {
			isa = PBXNativeTarget;
			buildConfigurationList = 08BB5B5E284B4119001C8E41 /* Build configuration list for PBXNativeTarget "Tests iOS" */;
			buildPhases = (
				08BB5B38284B4119001C8E41 /* Sources */,
				08BB5B39284B4119001C8E41 /* Frameworks */,
				08BB5B3A284B4119001C8E41 /* Resources */,
			);
			buildRules = (
			);
			dependencies = (
				08BB5B3E284B4119001C8E41 /* PBXTargetDependency */,
			);
			name = "Tests iOS";
			productName = "Tests iOS";
			productReference = 08BB5B3C284B4119001C8E41 /* Tests iOS.xctest */;
			productType = "com.apple.product-type.bundle.ui-testing";
		};
		08BB5B47284B4119001C8E41 /* Tests macOS */ = {
			isa = PBXNativeTarget;
			buildConfigurationList = 08BB5B61284B4119001C8E41 /* Build configuration list for PBXNativeTarget "Tests macOS" */;
			buildPhases = (
				08BB5B44284B4119001C8E41 /* Sources */,
				08BB5B45284B4119001C8E41 /* Frameworks */,
				08BB5B46284B4119001C8E41 /* Resources */,
			);
			buildRules = (
			);
			dependencies = (
				08BB5B4A284B4119001C8E41 /* PBXTargetDependency */,
			);
			name = "Tests macOS";
			productName = "Tests macOS";
			productReference = 08BB5B48284B4119001C8E41 /* Tests macOS.xctest */;
			productType = "com.apple.product-type.bundle.ui-testing";
		};
/* End PBXNativeTarget section */

/* Begin PBXProject section */
		08BB5B23284B4118001C8E41 /* Project object */ = {
			isa = PBXProject;
			attributes = {
				BuildIndependentTargetsInParallel = 1;
				LastSwiftUpdateCheck = 1340;
				LastUpgradeCheck = 1400;
				TargetAttributes = {
					08BB5B2E284B4119001C8E41 = {
						CreatedOnToolsVersion = 13.4;
					};
					08BB5B34284B4119001C8E41 = {
						CreatedOnToolsVersion = 13.4;
					};
					08BB5B3B284B4119001C8E41 = {
						CreatedOnToolsVersion = 13.4;
						TestTargetID = 08BB5B2E284B4119001C8E41;
					};
					08BB5B47284B4119001C8E41 = {
						CreatedOnToolsVersion = 13.4;
						TestTargetID = 08BB5B34284B4119001C8E41;
					};
				};
			};
			buildConfigurationList = 08BB5B26284B4118001C8E41 /* Build configuration list for PBXProject "XCResourceSample" */;
			compatibilityVersion = "Xcode 13.0";
			developmentRegion = en;
			hasScannedForEncodings = 0;
			knownRegions = (
				en,
				Base,
				ko,
			);
			mainGroup = 08BB5B22284B4118001C8E41;
			productRefGroup = 08BB5B30284B4119001C8E41 /* Products */;
			projectDirPath = "";
			projectRoot = "";
			targets = (
				08BB5B2E284B4119001C8E41 /* XCResourceSample (iOS) */,
				08BB5B34284B4119001C8E41 /* XCResourceSample (macOS) */,
				08BB5B3B284B4119001C8E41 /* Tests iOS */,
				08BB5B47284B4119001C8E41 /* Tests macOS */,
			);
		};
/* End PBXProject section */

/* Begin PBXResourcesBuildPhase section */
		08BB5B2D284B4119001C8E41 /* Resources */ = {
			isa = PBXResourcesBuildPhase;
			buildActionMask = 2147483647;
			files = (
				08385794284CF16400E49632 /* Assets.xcassets in Resources */,
				08385799284CF18A00E49632 /* InfoPlist.strings in Resources */,
			);
			runOnlyForDeploymentPostprocessing = 0;
		};
		08BB5B33284B4119001C8E41 /* Resources */ = {
			isa = PBXResourcesBuildPhase;
			buildActionMask = 2147483647;
			files = (
				08385795284CF16400E49632 /* Assets.xcassets in Resources */,
				0838579A284CF18A00E49632 /* InfoPlist.strings in Resources */,
			);
			runOnlyForDeploymentPostprocessing = 0;
		};
		08BB5B3A284B4119001C8E41 /* Resources */ = {
			isa = PBXResourcesBuildPhase;
			buildActionMask = 2147483647;
			files = (
			);
			runOnlyForDeploymentPostprocessing = 0;
		};
		08BB5B46284B4119001C8E41 /* Resources */ = {
			isa = PBXResourcesBuildPhase;
			buildActionMask = 2147483647;
			files = (
			);
			runOnlyForDeploymentPostprocessing = 0;
		};
/* End PBXResourcesBuildPhase section */

/* Begin PBXSourcesBuildPhase section */
		08BB5B2B284B4119001C8E41 /* Sources */ = {
			isa = PBXSourcesBuildPhase;
			buildActionMask = 2147483647;
			files = (
				083856FD284BBD2300E49632 /* XCResourceSampleApp.swift in Sources */,
			);
			runOnlyForDeploymentPostprocessing = 0;
		};
		08BB5B31284B4119001C8E41 /* Sources */ = {
			isa = PBXSourcesBuildPhase;
			buildActionMask = 2147483647;
			files = (
				0838573B284BC1BA00E49632 /* AppDelegate.swift in Sources */,
				083856FC284BBD1F00E49632 /* XCResourceSampleApp.swift in Sources */,
			);
			runOnlyForDeploymentPostprocessing = 0;
		};
		08BB5B38284B4119001C8E41 /* Sources */ = {
			isa = PBXSourcesBuildPhase;
			buildActionMask = 2147483647;
			files = (
				08BB5B43284B4119001C8E41 /* Tests_iOSLaunchTests.swift in Sources */,
				08BB5B41284B4119001C8E41 /* Tests_iOS.swift in Sources */,
			);
			runOnlyForDeploymentPostprocessing = 0;
		};
		08BB5B44284B4119001C8E41 /* Sources */ = {
			isa = PBXSourcesBuildPhase;
			buildActionMask = 2147483647;
			files = (
				08BB5B4F284B4119001C8E41 /* Tests_macOSLaunchTests.swift in Sources */,
				08BB5B4D284B4119001C8E41 /* Tests_macOS.swift in Sources */,
			);
			runOnlyForDeploymentPostprocessing = 0;
		};
/* End PBXSourcesBuildPhase section */

/* Begin PBXTargetDependency section */
		08BB5B3E284B4119001C8E41 /* PBXTargetDependency */ = {
			isa = PBXTargetDependency;
			target = 08BB5B2E284B4119001C8E41 /* XCResourceSample (iOS) */;
			targetProxy = 08BB5B3D284B4119001C8E41 /* PBXContainerItemProxy */;
		};
		08BB5B4A284B4119001C8E41 /* PBXTargetDependency */ = {
			isa = PBXTargetDependency;
			target = 08BB5B34284B4119001C8E41 /* XCResourceSample (macOS) */;
			targetProxy = 08BB5B49284B4119001C8E41 /* PBXContainerItemProxy */;
		};
/* End PBXTargetDependency section */

/* Begin PBXVariantGroup section */
		0838579C284CF18A00E49632 /* InfoPlist.strings */ = {
			isa = PBXVariantGroup;
			children = (
				0838579B284CF18A00E49632 /* en */,
				0838579D284CF18C00E49632 /* ko */,
			);
			name = InfoPlist.strings;
			sourceTree = "<group>";
		};
/* End PBXVariantGroup section */

/* Begin XCBuildConfiguration section */
		08BB5B56284B4119001C8E41 /* Debug */ = {
			isa = XCBuildConfiguration;
			buildSettings = {
				ALWAYS_SEARCH_USER_PATHS = NO;
				CLANG_ANALYZER_LOCALIZABILITY_NONLOCALIZED = YES;
				CLANG_ANALYZER_NONNULL = YES;
				CLANG_ANALYZER_NUMBER_OBJECT_CONVERSION = YES_AGGRESSIVE;
				CLANG_CXX_LANGUAGE_STANDARD = "gnu++17";
				CLANG_ENABLE_MODULES = YES;
				CLANG_ENABLE_OBJC_ARC = YES;
				CLANG_ENABLE_OBJC_WEAK = YES;
				CLANG_WARN_BLOCK_CAPTURE_AUTORELEASING = YES;
				CLANG_WARN_BOOL_CONVERSION = YES;
				CLANG_WARN_COMMA = YES;
				CLANG_WARN_CONSTANT_CONVERSION = YES;
				CLANG_WARN_DEPRECATED_OBJC_IMPLEMENTATIONS = YES;
				CLANG_WARN_DIRECT_OBJC_ISA_USAGE = YES_ERROR;
				CLANG_WARN_DOCUMENTATION_COMMENTS = YES;
				CLANG_WARN_EMPTY_BODY = YES;
				CLANG_WARN_ENUM_CONVERSION = YES;
				CLANG_WARN_INFINITE_RECURSION = YES;
				CLANG_WARN_INT_CONVERSION = YES;
				CLANG_WARN_NON_LITERAL_NULL_CONVERSION = YES;
				CLANG_WARN_OBJC_IMPLICIT_RETAIN_SELF = YES;
				CLANG_WARN_OBJC_LITERAL_CONVERSION = YES;
				CLANG_WARN_OBJC_ROOT_CLASS = YES_ERROR;
				CLANG_WARN_QUOTED_INCLUDE_IN_FRAMEWORK_HEADER = YES;
				CLANG_WARN_RANGE_LOOP_ANALYSIS = YES;
				CLANG_WARN_STRICT_PROTOTYPES = YES;
				CLANG_WARN_SUSPICIOUS_MOVE = YES;
				CLANG_WARN_UNGUARDED_AVAILABILITY = YES_AGGRESSIVE;
				CLANG_WARN_UNREACHABLE_CODE = YES;
				CLANG_WARN__DUPLICATE_METHOD_MATCH = YES;
				COPY_PHASE_STRIP = NO;
				DEAD_CODE_STRIPPING = YES;
				DEBUG_INFORMATION_FORMAT = dwarf;
				ENABLE_STRICT_OBJC_MSGSEND = YES;
				ENABLE_TESTABILITY = YES;
				GCC_C_LANGUAGE_STANDARD = gnu11;
				GCC_DYNAMIC_NO_PIC = NO;
				GCC_NO_COMMON_BLOCKS = YES;
				GCC_OPTIMIZATION_LEVEL = 0;
				GCC_PREPROCESSOR_DEFINITIONS = (
					"DEBUG=1",
					"$(inherited)",
				);
				GCC_WARN_64_TO_32_BIT_CONVERSION = YES;
				GCC_WARN_ABOUT_RETURN_TYPE = YES_ERROR;
				GCC_WARN_UNDECLARED_SELECTOR = YES;
				GCC_WARN_UNINITIALIZED_AUTOS = YES_AGGRESSIVE;
				GCC_WARN_UNUSED_FUNCTION = YES;
				GCC_WARN_UNUSED_VARIABLE = YES;
				MTL_ENABLE_DEBUG_INFO = INCLUDE_SOURCE;
				MTL_FAST_MATH = YES;
				ONLY_ACTIVE_ARCH = YES;
				SWIFT_ACTIVE_COMPILATION_CONDITIONS = DEBUG;
				SWIFT_OPTIMIZATION_LEVEL = "-Onone";
			};
			name = Debug;
		};
		08BB5B57284B4119001C8E41 /* Release */ = {
			isa = XCBuildConfiguration;
			buildSettings = {
				ALWAYS_SEARCH_USER_PATHS = NO;
				CLANG_ANALYZER_LOCALIZABILITY_NONLOCALIZED = YES;
				CLANG_ANALYZER_NONNULL = YES;
				CLANG_ANALYZER_NUMBER_OBJECT_CONVERSION = YES_AGGRESSIVE;
				CLANG_CXX_LANGUAGE_STANDARD = "gnu++17";
				CLANG_ENABLE_MODULES = YES;
				CLANG_ENABLE_OBJC_ARC = YES;
				CLANG_ENABLE_OBJC_WEAK = YES;
				CLANG_WARN_BLOCK_CAPTURE_AUTORELEASING = YES;
				CLANG_WARN_BOOL_CONVERSION = YES;
				CLANG_WARN_COMMA = YES;
				CLANG_WARN_CONSTANT_CONVERSION = YES;
				CLANG_WARN_DEPRECATED_OBJC_IMPLEMENTATIONS = YES;
				CLANG_WARN_DIRECT_OBJC_ISA_USAGE = YES_ERROR;
				CLANG_WARN_DOCUMENTATION_COMMENTS = YES;
				CLANG_WARN_EMPTY_BODY = YES;
				CLANG_WARN_ENUM_CONVERSION = YES;
				CLANG_WARN_INFINITE_RECURSION = YES;
				CLANG_WARN_INT_CONVERSION = YES;
				CLANG_WARN_NON_LITERAL_NULL_CONVERSION = YES;
				CLANG_WARN_OBJC_IMPLICIT_RETAIN_SELF = YES;
				CLANG_WARN_OBJC_LITERAL_CONVERSION = YES;
				CLANG_WARN_OBJC_ROOT_CLASS = YES_ERROR;
				CLANG_WARN_QUOTED_INCLUDE_IN_FRAMEWORK_HEADER = YES;
				CLANG_WARN_RANGE_LOOP_ANALYSIS = YES;
				CLANG_WARN_STRICT_PROTOTYPES = YES;
				CLANG_WARN_SUSPICIOUS_MOVE = YES;
				CLANG_WARN_UNGUARDED_AVAILABILITY = YES_AGGRESSIVE;
				CLANG_WARN_UNREACHABLE_CODE = YES;
				CLANG_WARN__DUPLICATE_METHOD_MATCH = YES;
				COPY_PHASE_STRIP = NO;
				DEAD_CODE_STRIPPING = YES;
				DEBUG_INFORMATION_FORMAT = "dwarf-with-dsym";
				ENABLE_NS_ASSERTIONS = NO;
				ENABLE_STRICT_OBJC_MSGSEND = YES;
				GCC_C_LANGUAGE_STANDARD = gnu11;
				GCC_NO_COMMON_BLOCKS = YES;
				GCC_WARN_64_TO_32_BIT_CONVERSION = YES;
				GCC_WARN_ABOUT_RETURN_TYPE = YES_ERROR;
				GCC_WARN_UNDECLARED_SELECTOR = YES;
				GCC_WARN_UNINITIALIZED_AUTOS = YES_AGGRESSIVE;
				GCC_WARN_UNUSED_FUNCTION = YES;
				GCC_WARN_UNUSED_VARIABLE = YES;
				MTL_ENABLE_DEBUG_INFO = NO;
				MTL_FAST_MATH = YES;
				SWIFT_COMPILATION_MODE = wholemodule;
				SWIFT_OPTIMIZATION_LEVEL = "-O";
			};
			name = Release;
		};
		08BB5B59284B4119001C8E41 /* Debug */ = {
			isa = XCBuildConfiguration;
			buildSettings = {
				ASSETCATALOG_COMPILER_APPICON_NAME = AppIcon;
				ASSETCATALOG_COMPILER_GLOBAL_ACCENT_COLOR_NAME = AccentColor;
				CODE_SIGN_STYLE = Automatic;
				CURRENT_PROJECT_VERSION = 1;
				DEVELOPMENT_TEAM = "";
				ENABLE_PREVIEWS = YES;
				GENERATE_INFOPLIST_FILE = YES;
				INFOPLIST_KEY_UIApplicationSceneManifest_Generation = YES;
				INFOPLIST_KEY_UIApplicationSupportsIndirectInputEvents = YES;
				INFOPLIST_KEY_UILaunchScreen_Generation = YES;
				INFOPLIST_KEY_UISupportedInterfaceOrientations_iPad = "UIInterfaceOrientationPortrait UIInterfaceOrientationPortraitUpsideDown UIInterfaceOrientationLandscapeLeft UIInterfaceOrientationLandscapeRight";
				INFOPLIST_KEY_UISupportedInterfaceOrientations_iPhone = "UIInterfaceOrientationPortrait UIInterfaceOrientationLandscapeLeft UIInterfaceOrientationLandscapeRight";
				IPHONEOS_DEPLOYMENT_TARGET = 15.5;
				LD_RUNPATH_SEARCH_PATHS = (
					"$(inherited)",
					"@executable_path/Frameworks",
				);
				MARKETING_VERSION = 1.0;
				PRODUCT_BUNDLE_IDENTIFIER = com.example.ukjeong.XCResourceSample;
				PRODUCT_NAME = XCResourceSample;
				SDKROOT = iphoneos;
				SWIFT_EMIT_LOC_STRINGS = YES;
				SWIFT_VERSION = 5.0;
				TARGETED_DEVICE_FAMILY = "1,2";
			};
			name = Debug;
		};
		08BB5B5A284B4119001C8E41 /* Release */ = {
			isa = XCBuildConfiguration;
			buildSettings = {
				ASSETCATALOG_COMPILER_APPICON_NAME = AppIcon;
				ASSETCATALOG_COMPILER_GLOBAL_ACCENT_COLOR_NAME = AccentColor;
				CODE_SIGN_STYLE = Automatic;
				CURRENT_PROJECT_VERSION = 1;
				DEVELOPMENT_TEAM = "";
				ENABLE_PREVIEWS = YES;
				GENERATE_INFOPLIST_FILE = YES;
				INFOPLIST_KEY_UIApplicationSceneManifest_Generation = YES;
				INFOPLIST_KEY_UIApplicationSupportsIndirectInputEvents = YES;
				INFOPLIST_KEY_UILaunchScreen_Generation = YES;
				INFOPLIST_KEY_UISupportedInterfaceOrientations_iPad = "UIInterfaceOrientationPortrait UIInterfaceOrientationPortraitUpsideDown UIInterfaceOrientationLandscapeLeft UIInterfaceOrientationLandscapeRight";
				INFOPLIST_KEY_UISupportedInterfaceOrientations_iPhone = "UIInterfaceOrientationPortrait UIInterfaceOrientationLandscapeLeft UIInterfaceOrientationLandscapeRight";
				IPHONEOS_DEPLOYMENT_TARGET = 15.5;
				LD_RUNPATH_SEARCH_PATHS = (
					"$(inherited)",
					"@executable_path/Frameworks",
				);
				MARKETING_VERSION = 1.0;
				PRODUCT_BUNDLE_IDENTIFIER = com.example.ukjeong.XCResourceSample;
				PRODUCT_NAME = XCResourceSample;
				SDKROOT = iphoneos;
				SWIFT_EMIT_LOC_STRINGS = YES;
				SWIFT_VERSION = 5.0;
				TARGETED_DEVICE_FAMILY = "1,2";
				VALIDATE_PRODUCT = YES;
			};
			name = Release;
		};
		08BB5B5C284B4119001C8E41 /* Debug */ = {
			isa = XCBuildConfiguration;
			buildSettings = {
				ASSETCATALOG_COMPILER_APPICON_NAME = AppIcon;
				ASSETCATALOG_COMPILER_GLOBAL_ACCENT_COLOR_NAME = AccentColor;
				CODE_SIGN_ENTITLEMENTS = macOS/macOS.entitlements;
				CODE_SIGN_IDENTITY = "-";
				CODE_SIGN_STYLE = Automatic;
				COMBINE_HIDPI_IMAGES = YES;
				CURRENT_PROJECT_VERSION = 1;
				DEAD_CODE_STRIPPING = YES;
				ENABLE_PREVIEWS = YES;
				GENERATE_INFOPLIST_FILE = YES;
				INFOPLIST_KEY_NSHumanReadableCopyright = "";
				LD_RUNPATH_SEARCH_PATHS = (
					"$(inherited)",
					"@executable_path/../Frameworks",
				);
				MACOSX_DEPLOYMENT_TARGET = 12.3;
				MARKETING_VERSION = 1.0;
				PRODUCT_BUNDLE_IDENTIFIER = com.example.ukjeong.XCResourceSample;
				PRODUCT_NAME = XCResourceSample;
				SDKROOT = macosx;
				SWIFT_EMIT_LOC_STRINGS = YES;
				SWIFT_VERSION = 5.0;
			};
			name = Debug;
		};
		08BB5B5D284B4119001C8E41 /* Release */ = {
			isa = XCBuildConfiguration;
			buildSettings = {
				ASSETCATALOG_COMPILER_APPICON_NAME = AppIcon;
				ASSETCATALOG_COMPILER_GLOBAL_ACCENT_COLOR_NAME = AccentColor;
				CODE_SIGN_ENTITLEMENTS = macOS/macOS.entitlements;
				CODE_SIGN_IDENTITY = "-";
				CODE_SIGN_STYLE = Automatic;
				COMBINE_HIDPI_IMAGES = YES;
				CURRENT_PROJECT_VERSION = 1;
				DEAD_CODE_STRIPPING = YES;
				ENABLE_PREVIEWS = YES;
				GENERATE_INFOPLIST_FILE = YES;
				INFOPLIST_KEY_NSHumanReadableCopyright = "";
				LD_RUNPATH_SEARCH_PATHS = (
					"$(inherited)",
					"@executable_path/../Frameworks",
				);
				MACOSX_DEPLOYMENT_TARGET = 12.3;
				MARKETING_VERSION = 1.0;
				PRODUCT_BUNDLE_IDENTIFIER = com.example.ukjeong.XCResourceSample;
				PRODUCT_NAME = XCResourceSample;
				SDKROOT = macosx;
				SWIFT_EMIT_LOC_STRINGS = YES;
				SWIFT_VERSION = 5.0;
			};
			name = Release;
		};
		08BB5B5F284B4119001C8E41 /* Debug */ = {
			isa = XCBuildConfiguration;
			buildSettings = {
				ALWAYS_EMBED_SWIFT_STANDARD_LIBRARIES = YES;
				CODE_SIGN_STYLE = Automatic;
				CURRENT_PROJECT_VERSION = 1;
				GENERATE_INFOPLIST_FILE = YES;
				IPHONEOS_DEPLOYMENT_TARGET = 15.5;
				MARKETING_VERSION = 1.0;
				PRODUCT_BUNDLE_IDENTIFIER = "com.example.ukjeong.Tests-iOS";
				PRODUCT_NAME = "$(TARGET_NAME)";
				SDKROOT = iphoneos;
				SWIFT_EMIT_LOC_STRINGS = NO;
				SWIFT_VERSION = 5.0;
				TARGETED_DEVICE_FAMILY = "1,2";
				TEST_TARGET_NAME = "XCResourceSample (iOS)";
			};
			name = Debug;
		};
		08BB5B60284B4119001C8E41 /* Release */ = {
			isa = XCBuildConfiguration;
			buildSettings = {
				ALWAYS_EMBED_SWIFT_STANDARD_LIBRARIES = YES;
				CODE_SIGN_STYLE = Automatic;
				CURRENT_PROJECT_VERSION = 1;
				GENERATE_INFOPLIST_FILE = YES;
				IPHONEOS_DEPLOYMENT_TARGET = 15.5;
				MARKETING_VERSION = 1.0;
				PRODUCT_BUNDLE_IDENTIFIER = "com.example.ukjeong.Tests-iOS";
				PRODUCT_NAME = "$(TARGET_NAME)";
				SDKROOT = iphoneos;
				SWIFT_EMIT_LOC_STRINGS = NO;
				SWIFT_VERSION = 5.0;
				TARGETED_DEVICE_FAMILY = "1,2";
				TEST_TARGET_NAME = "XCResourceSample (iOS)";
				VALIDATE_PRODUCT = YES;
			};
			name = Release;
		};
		08BB5B62284B4119001C8E41 /* Debug */ = {
			isa = XCBuildConfiguration;
			buildSettings = {
				ALWAYS_EMBED_SWIFT_STANDARD_LIBRARIES = YES;
				CODE_SIGN_STYLE = Automatic;
				CURRENT_PROJECT_VERSION = 1;
				DEAD_CODE_STRIPPING = YES;
				GENERATE_INFOPLIST_FILE = YES;
				MACOSX_DEPLOYMENT_TARGET = 12.3;
				MARKETING_VERSION = 1.0;
				PRODUCT_BUNDLE_IDENTIFIER = "com.example.ukjeong.Tests-macOS";
				PRODUCT_NAME = "$(TARGET_NAME)";
				SDKROOT = macosx;
				SWIFT_EMIT_LOC_STRINGS = NO;
				SWIFT_VERSION = 5.0;
				TEST_TARGET_NAME = "XCResourceSample (macOS)";
			};
			name = Debug;
		};
		08BB5B63284B4119001C8E41 /* Release */ = {
			isa = XCBuildConfiguration;
			buildSettings = {
				ALWAYS_EMBED_SWIFT_STANDARD_LIBRARIES = YES;
				CODE_SIGN_STYLE = Automatic;
				CURRENT_PROJECT_VERSION = 1;
				DEAD_CODE_STRIPPING = YES;
				GENERATE_INFOPLIST_FILE = YES;
				MACOSX_DEPLOYMENT_TARGET = 12.3;
				MARKETING_VERSION = 1.0;
				PRODUCT_BUNDLE_IDENTIFIER = "com.example.ukjeong.Tests-macOS";
				PRODUCT_NAME = "$(TARGET_NAME)";
				SDKROOT = macosx;
				SWIFT_EMIT_LOC_STRINGS = NO;
				SWIFT_VERSION = 5.0;
				TEST_TARGET_NAME = "XCResourceSample (macOS)";
			};
			name = Release;
		};
/* End XCBuildConfiguration section */

/* Begin XCConfigurationList section */
		08BB5B26284B4118001C8E41 /* Build configuration list for PBXProject "XCResourceSample" */ = {
			isa = XCConfigurationList;
			buildConfigurations = (
				08BB5B56284B4119001C8E41 /* Debug */,
				08BB5B57284B4119001C8E41 /* Release */,
			);
			defaultConfigurationIsVisible = 0;
			defaultConfigurationName = Release;
		};
		08BB5B58284B4119001C8E41 /* Build configuration list for PBXNativeTarget "XCResourceSample (iOS)" */ = {
			isa = XCConfigurationList;
			buildConfigurations = (
				08BB5B59284B4119001C8E41 /* Debug */,
				08BB5B5A284B4119001C8E41 /* Release */,
			);
			defaultConfigurationIsVisible = 0;
			defaultConfigurationName = Release;
		};
		08BB5B5B284B4119001C8E41 /* Build configuration list for PBXNativeTarget "XCResourceSample (macOS)" */ = {
			isa = XCConfigurationList;
			buildConfigurations = (
				08BB5B5C284B4119001C8E41 /* Debug */,
				08BB5B5D284B4119001C8E41 /* Release */,
			);
			defaultConfigurationIsVisible = 0;
			defaultConfigurationName = Release;
		};
		08BB5B5E284B4119001C8E41 /* Build configuration list for PBXNativeTarget "Tests iOS" */ = {
			isa = XCConfigurationList;
			buildConfigurations = (
				08BB5B5F284B4119001C8E41 /* Debug */,
				08BB5B60284B4119001C8E41 /* Release */,
			);
			defaultConfigurationIsVisible = 0;
			defaultConfigurationName = Release;
		};
		08BB5B61284B4119001C8E41 /* Build configuration list for PBXNativeTarget "Tests macOS" */ = {
			isa = XCConfigurationList;
			buildConfigurations = (
				08BB5B62284B4119001C8E41 /* Debug */,
				08BB5B63284B4119001C8E41 /* Release */,
			);
			defaultConfigurationIsVisible = 0;
			defaultConfigurationName = Release;
		};
/* End XCConfigurationList section */

/* Begin XCSwiftPackageProductDependency section */
		08385736284BBF2500E49632 /* XCResourceSampleLibrary */ = {
			isa = XCSwiftPackageProductDependency;
			productName = XCResourceSampleLibrary;
		};
		08385738284BBF3C00E49632 /* XCResourceSampleLibrary */ = {
			isa = XCSwiftPackageProductDependency;
			productName = XCResourceSampleLibrary;
		};
/* End XCSwiftPackageProductDependency section */
	};
	rootObject = 08BB5B23284B4118001C8E41 /* Project object */;
}
