{
  "originHash" : "adb24e9be561cc40a8329e115d943aa52e5cbf56401056a30ea64b9fe95b6f3a",
  "pins" : [
    {
      "identity" : "strix",
      "kind" : "remoteSourceControl",
      "location" : "https://github.com/nearfri/Strix.git",
      "state" : {
        "revision" : "0f4ebc2180e3504d02f5884b2d6a8d1db69ece29",
        "version" : "2.4.8"
      }
    },
    {
      "identity" : "swift-argument-parser",
      "kind" : "remoteSourceControl",
      "location" : "https://github.com/apple/swift-argument-parser.git",
      "state" : {
        "revision" : "41982a3656a71c768319979febd796c6fd111d5c",
        "version" : "1.5.0"
      }
    },
    {
      "identity" : "swift-syntax",
      "kind" : "remoteSourceControl",
      "location" : "https://github.com/swiftlang/swift-syntax.git",
      "state" : {
        "revision" : "f99ae8aa18f0cf0d53481901f88a0991dc3bd4a2",
        "version" : "601.0.1"
      }
    }
  ],
  "version" : 3
}
