{
  "originHash" : "f2a1409c7708ed3ad41ade00b74a325922b2a52619b6d1e5e50a1e2f68245354",
  "pins" : [
    {
      "identity" : "strix",
      "kind" : "remoteSourceControl",
      "location" : "https://github.com/nearfri/Strix.git",
      "state" : {
        "revision" : "820b86fadfebd1852dc28f5ade49c3dc1677953b",
        "version" : "2.4.6"
      }
    },
    {
      "identity" : "swift-argument-parser",
      "kind" : "remoteSourceControl",
      "location" : "https://github.com/apple/swift-argument-parser.git",
      "state" : {
        "revision" : "41982a3656a71c768319979febd796c6fd111d5c",
        "version" : "1.5.0"
      }
    },
    {
      "identity" : "swift-collections",
      "kind" : "remoteSourceControl",
      "location" : "https://github.com/apple/swift-collections.git",
      "state" : {
        "revision" : "671108c96644956dddcd89dd59c203dcdb36cec7",
        "version" : "1.1.4"
      }
    },
    {
      "identity" : "swift-syntax",
      "kind" : "remoteSourceControl",
      "location" : "https://github.com/swiftlang/swift-syntax.git",
      "state" : {
        "revision" : "0687f71944021d616d34d922343dcef086855920",
        "version" : "600.0.1"
      }
    }
  ],
  "version" : 3
}
